// !$*UTF8*$!
{
	archiveVersion = 1;
	classes = {
	};
	objectVersion = 46;
	objects = {

/* Begin PBXBuildFile section */
		15003FA315D2601D00B6775A /* iphone in Resources */ = {isa = PBXBuildFile; fileRef = 15003FA215D2601D00B6775A /* iphone */; };
		1A1CF3691626CEFF00AFC938 /* ipad in Resources */ = {isa = PBXBuildFile; fileRef = 1A1CF3671626CEFF00AFC938 /* ipad */; };
		1A1CF36A1626CEFF00AFC938 /* ipadhd in Resources */ = {isa = PBXBuildFile; fileRef = 1A1CF3681626CEFF00AFC938 /* ipadhd */; };
		1D60589F0D05DD5A006BFB54 /* Foundation.framework in Frameworks */ = {isa = PBXBuildFile; fileRef = 1D30AB110D05D00D00671497 /* Foundation.framework */; };
		1DF5F4E00D08C38300B7A737 /* UIKit.framework in Frameworks */ = {isa = PBXBuildFile; fileRef = 1DF5F4DF0D08C38300B7A737 /* UIKit.framework */; };
		288765A50DF7441C002DB57D /* CoreGraphics.framework in Frameworks */ = {isa = PBXBuildFile; fileRef = 288765A40DF7441C002DB57D /* CoreGraphics.framework */; };
		A33BB87D169E91D900196286 /* libcocos2dx.a in Frameworks */ = {isa = PBXBuildFile; fileRef = A33BB87A169E915A00196286 /* libcocos2dx.a */; };
		A33BB88C169E937E00196286 /* CDAudioManager.m in Sources */ = {isa = PBXBuildFile; fileRef = A33BB883169E937E00196286 /* CDAudioManager.m */; };
		A33BB88D169E937E00196286 /* CDOpenALSupport.m in Sources */ = {isa = PBXBuildFile; fileRef = A33BB886169E937E00196286 /* CDOpenALSupport.m */; };
		A33BB88E169E937E00196286 /* CocosDenshion.m in Sources */ = {isa = PBXBuildFile; fileRef = A33BB888169E937E00196286 /* CocosDenshion.m */; };
		A33BB88F169E937E00196286 /* SimpleAudioEngine.mm in Sources */ = {isa = PBXBuildFile; fileRef = A33BB889169E937E00196286 /* SimpleAudioEngine.mm */; };
		A33BB890169E937E00196286 /* SimpleAudioEngine_objc.m in Sources */ = {isa = PBXBuildFile; fileRef = A33BB88B169E937E00196286 /* SimpleAudioEngine_objc.m */; };
		A33BB894169E965F00196286 /* AVFoundation.framework in Frameworks */ = {isa = PBXBuildFile; fileRef = 781C33B51547F06B00633F88 /* AVFoundation.framework */; };
		A33BB895169E966600196286 /* OpenAL.framework in Frameworks */ = {isa = PBXBuildFile; fileRef = 781C33B11547F06B00633F88 /* OpenAL.framework */; };
		A33BB896169E968000196286 /* AudioToolbox.framework in Frameworks */ = {isa = PBXBuildFile; fileRef = 781C33B31547F06B00633F88 /* AudioToolbox.framework */; };
		A33BB936169E96B200196286 /* Android.mk in Resources */ = {isa = PBXBuildFile; fileRef = A33BB8BA169E96B200196286 /* Android.mk */; };
		A33BB937169E96B200196286 /* CCBAnimationManager.cpp in Sources */ = {isa = PBXBuildFile; fileRef = A33BB8BC169E96B200196286 /* CCBAnimationManager.cpp */; };
		A33BB938169E96B200196286 /* CCBFileLoader.cpp in Sources */ = {isa = PBXBuildFile; fileRef = A33BB8BE169E96B200196286 /* CCBFileLoader.cpp */; };
		A33BB939169E96B200196286 /* CCBKeyframe.cpp in Sources */ = {isa = PBXBuildFile; fileRef = A33BB8C0169E96B200196286 /* CCBKeyframe.cpp */; };
		A33BB93A169E96B200196286 /* CCBReader.cpp in Sources */ = {isa = PBXBuildFile; fileRef = A33BB8C3169E96B200196286 /* CCBReader.cpp */; };
		A33BB93B169E96B200196286 /* CCBSequence.cpp in Sources */ = {isa = PBXBuildFile; fileRef = A33BB8C6169E96B200196286 /* CCBSequence.cpp */; };
		A33BB93C169E96B200196286 /* CCBSequenceProperty.cpp in Sources */ = {isa = PBXBuildFile; fileRef = A33BB8C8169E96B200196286 /* CCBSequenceProperty.cpp */; };
		A33BB93D169E96B200196286 /* CCBValue.cpp in Sources */ = {isa = PBXBuildFile; fileRef = A33BB8CA169E96B200196286 /* CCBValue.cpp */; };
		A33BB93E169E96B200196286 /* CCControlButtonLoader.cpp in Sources */ = {isa = PBXBuildFile; fileRef = A33BB8CC169E96B200196286 /* CCControlButtonLoader.cpp */; };
		A33BB93F169E96B200196286 /* CCControlLoader.cpp in Sources */ = {isa = PBXBuildFile; fileRef = A33BB8CE169E96B200196286 /* CCControlLoader.cpp */; };
		A33BB940169E96B200196286 /* CCData.cpp in Sources */ = {isa = PBXBuildFile; fileRef = A33BB8D0169E96B200196286 /* CCData.cpp */; };
		A33BB941169E96B200196286 /* CCLabelBMFontLoader.cpp in Sources */ = {isa = PBXBuildFile; fileRef = A33BB8D2169E96B200196286 /* CCLabelBMFontLoader.cpp */; };
		A33BB942169E96B200196286 /* CCLabelTTFLoader.cpp in Sources */ = {isa = PBXBuildFile; fileRef = A33BB8D4169E96B200196286 /* CCLabelTTFLoader.cpp */; };
		A33BB943169E96B200196286 /* CCLayerColorLoader.cpp in Sources */ = {isa = PBXBuildFile; fileRef = A33BB8D6169E96B200196286 /* CCLayerColorLoader.cpp */; };
		A33BB944169E96B200196286 /* CCLayerGradientLoader.cpp in Sources */ = {isa = PBXBuildFile; fileRef = A33BB8D8169E96B200196286 /* CCLayerGradientLoader.cpp */; };
		A33BB945169E96B200196286 /* CCLayerLoader.cpp in Sources */ = {isa = PBXBuildFile; fileRef = A33BB8DA169E96B200196286 /* CCLayerLoader.cpp */; };
		A33BB946169E96B200196286 /* CCMenuItemImageLoader.cpp in Sources */ = {isa = PBXBuildFile; fileRef = A33BB8DC169E96B200196286 /* CCMenuItemImageLoader.cpp */; };
		A33BB947169E96B200196286 /* CCMenuItemLoader.cpp in Sources */ = {isa = PBXBuildFile; fileRef = A33BB8DE169E96B200196286 /* CCMenuItemLoader.cpp */; };
		A33BB948169E96B200196286 /* CCNode+CCBRelativePositioning.cpp in Sources */ = {isa = PBXBuildFile; fileRef = A33BB8E1169E96B200196286 /* CCNode+CCBRelativePositioning.cpp */; };
		A33BB949169E96B200196286 /* CCNodeLoader.cpp in Sources */ = {isa = PBXBuildFile; fileRef = A33BB8E3169E96B200196286 /* CCNodeLoader.cpp */; };
		A33BB94A169E96B200196286 /* CCNodeLoaderLibrary.cpp in Sources */ = {isa = PBXBuildFile; fileRef = A33BB8E5169E96B200196286 /* CCNodeLoaderLibrary.cpp */; };
		A33BB94B169E96B200196286 /* CCParticleSystemQuadLoader.cpp in Sources */ = {isa = PBXBuildFile; fileRef = A33BB8E8169E96B200196286 /* CCParticleSystemQuadLoader.cpp */; };
		A33BB94C169E96B200196286 /* CCScale9SpriteLoader.cpp in Sources */ = {isa = PBXBuildFile; fileRef = A33BB8EA169E96B200196286 /* CCScale9SpriteLoader.cpp */; };
		A33BB94D169E96B200196286 /* CCScrollViewLoader.cpp in Sources */ = {isa = PBXBuildFile; fileRef = A33BB8EC169E96B200196286 /* CCScrollViewLoader.cpp */; };
		A33BB94E169E96B200196286 /* CCSpriteLoader.cpp in Sources */ = {isa = PBXBuildFile; fileRef = A33BB8EE169E96B200196286 /* CCSpriteLoader.cpp */; };
		A33BB94F169E96B200196286 /* CCControl.cpp in Sources */ = {isa = PBXBuildFile; fileRef = A33BB8F4169E96B200196286 /* CCControl.cpp */; };
		A33BB950169E96B200196286 /* CCControlButton.cpp in Sources */ = {isa = PBXBuildFile; fileRef = A33BB8F6169E96B200196286 /* CCControlButton.cpp */; };
		A33BB951169E96B200196286 /* CCControlColourPicker.cpp in Sources */ = {isa = PBXBuildFile; fileRef = A33BB8F8169E96B200196286 /* CCControlColourPicker.cpp */; };
		A33BB952169E96B200196286 /* CCControlHuePicker.cpp in Sources */ = {isa = PBXBuildFile; fileRef = A33BB8FB169E96B200196286 /* CCControlHuePicker.cpp */; };
		A33BB953169E96B200196286 /* CCControlPotentiometer.cpp in Sources */ = {isa = PBXBuildFile; fileRef = A33BB8FD169E96B200196286 /* CCControlPotentiometer.cpp */; };
		A33BB954169E96B200196286 /* CCControlSaturationBrightnessPicker.cpp in Sources */ = {isa = PBXBuildFile; fileRef = A33BB8FF169E96B200196286 /* CCControlSaturationBrightnessPicker.cpp */; };
		A33BB955169E96B200196286 /* CCControlSlider.cpp in Sources */ = {isa = PBXBuildFile; fileRef = A33BB901169E96B200196286 /* CCControlSlider.cpp */; };
		A33BB956169E96B200196286 /* CCControlStepper.cpp in Sources */ = {isa = PBXBuildFile; fileRef = A33BB903169E96B200196286 /* CCControlStepper.cpp */; };
		A33BB957169E96B200196286 /* CCControlSwitch.cpp in Sources */ = {isa = PBXBuildFile; fileRef = A33BB905169E96B200196286 /* CCControlSwitch.cpp */; };
		A33BB958169E96B200196286 /* CCControlUtils.cpp in Sources */ = {isa = PBXBuildFile; fileRef = A33BB907169E96B200196286 /* CCControlUtils.cpp */; };
		A33BB959169E96B200196286 /* CCInvocation.cpp in Sources */ = {isa = PBXBuildFile; fileRef = A33BB909169E96B200196286 /* CCInvocation.cpp */; };
		A33BB95A169E96B200196286 /* CCScale9Sprite.cpp in Sources */ = {isa = PBXBuildFile; fileRef = A33BB90B169E96B200196286 /* CCScale9Sprite.cpp */; };
		A33BB95B169E96B200196286 /* CCEditBox.cpp in Sources */ = {isa = PBXBuildFile; fileRef = A33BB90E169E96B200196286 /* CCEditBox.cpp */; };
		A33BB95D169E96B200196286 /* CCEditBoxImplIOS.mm in Sources */ = {isa = PBXBuildFile; fileRef = A33BB914169E96B200196286 /* CCEditBoxImplIOS.mm */; };
		A33BB95E169E96B200196286 /* EditBoxImplIOS.mm in Sources */ = {isa = PBXBuildFile; fileRef = A33BB916169E96B200196286 /* EditBoxImplIOS.mm */; };
		A33BB95F169E96B200196286 /* CCScrollView.cpp in Sources */ = {isa = PBXBuildFile; fileRef = A33BB918169E96B200196286 /* CCScrollView.cpp */; };
		A33BB960169E96B200196286 /* CCSorting.cpp in Sources */ = {isa = PBXBuildFile; fileRef = A33BB91A169E96B200196286 /* CCSorting.cpp */; };
		A33BB961169E96B200196286 /* CCTableView.cpp in Sources */ = {isa = PBXBuildFile; fileRef = A33BB91C169E96B200196286 /* CCTableView.cpp */; };
		A33BB962169E96B200196286 /* CCTableViewCell.cpp in Sources */ = {isa = PBXBuildFile; fileRef = A33BB91E169E96B200196286 /* CCTableViewCell.cpp */; };
		A33BB963169E96B200196286 /* HttpClient.cpp in Sources */ = {isa = PBXBuildFile; fileRef = A33BB921169E96B200196286 /* HttpClient.cpp */; };
		A33BB964169E96B200196286 /* CCPhysicsDebugNode.cpp in Sources */ = {isa = PBXBuildFile; fileRef = A33BB926169E96B200196286 /* CCPhysicsDebugNode.cpp */; };
		A33BB965169E96B200196286 /* CCPhysicsSprite.cpp in Sources */ = {isa = PBXBuildFile; fileRef = A33BB928169E96B200196286 /* CCPhysicsSprite.cpp */; };
		A33BB970169E978D00196286 /* libcurl.a in Frameworks */ = {isa = PBXBuildFile; fileRef = A33BB96F169E978D00196286 /* libcurl.a */; };
		A38D11CF16B81C8C009E1CB8 /* MCBase64.cpp in Sources */ = {isa = PBXBuildFile; fileRef = A38D11CD16B81C8C009E1CB8 /* MCBase64.cpp */; };
		A38D11D316B81CB9009E1CB8 /* MCDialog.cpp in Sources */ = {isa = PBXBuildFile; fileRef = A38D11D116B81CB9009E1CB8 /* MCDialog.cpp */; };
		A38D11D616B81CD6009E1CB8 /* MCSceneManager.cpp in Sources */ = {isa = PBXBuildFile; fileRef = A38D11D416B81CD6009E1CB8 /* MCSceneManager.cpp */; };
		A38D11DA16B81CF8009E1CB8 /* MCDetailScene.cpp in Sources */ = {isa = PBXBuildFile; fileRef = A38D11D816B81CF8009E1CB8 /* MCDetailScene.cpp */; };
		A39C948316AEE11800B92E33 /* MCBattle.cpp in Sources */ = {isa = PBXBuildFile; fileRef = A39C947716AEE11800B92E33 /* MCBattle.cpp */; };
		A39C948416AEE11800B92E33 /* MCDungeonMaster.cpp in Sources */ = {isa = PBXBuildFile; fileRef = A39C947916AEE11800B92E33 /* MCDungeonMaster.cpp */; };
		A39C948516AEE11800B92E33 /* MCMutiplayerBattleImpl.cpp in Sources */ = {isa = PBXBuildFile; fileRef = A39C947B16AEE11800B92E33 /* MCMutiplayerBattleImpl.cpp */; };
		A39C948616AEE11800B92E33 /* MCNormalBattleImpl.cpp in Sources */ = {isa = PBXBuildFile; fileRef = A39C947D16AEE11800B92E33 /* MCNormalBattleImpl.cpp */; };
		A39C948716AEE11800B92E33 /* MCRole.cpp in Sources */ = {isa = PBXBuildFile; fileRef = A39C948016AEE11800B92E33 /* MCRole.cpp */; };
		A39C948C16AEE13800B92E33 /* MCDice.cpp in Sources */ = {isa = PBXBuildFile; fileRef = A39C948816AEE13800B92E33 /* MCDice.cpp */; };
		A39C948D16AEE13800B92E33 /* MCTestScene.cpp in Sources */ = {isa = PBXBuildFile; fileRef = A39C948A16AEE13800B92E33 /* MCTestScene.cpp */; };
		A39FB01116B2745D007FECB7 /* MCGeometry.cpp in Sources */ = {isa = PBXBuildFile; fileRef = A39FB00D16B2745D007FECB7 /* MCGeometry.cpp */; };
		A39FB01216B2745D007FECB7 /* MCPointExtension.cpp in Sources */ = {isa = PBXBuildFile; fileRef = A39FB00F16B2745D007FECB7 /* MCPointExtension.cpp */; };
		A39FB01516B2746C007FECB7 /* MCTestControllerScene.cpp in Sources */ = {isa = PBXBuildFile; fileRef = A39FB01316B2746C007FECB7 /* MCTestControllerScene.cpp */; };
		A39FB02116B27512007FECB7 /* MCItem.cpp in Sources */ = {isa = PBXBuildFile; fileRef = A39FB01F16B27512007FECB7 /* MCItem.cpp */; };
		A39FB02616B2752E007FECB7 /* MCJoypad.cpp in Sources */ = {isa = PBXBuildFile; fileRef = A39FB02216B2752E007FECB7 /* MCJoypad.cpp */; };
		A39FB02716B2752E007FECB7 /* MCJoystick.cpp in Sources */ = {isa = PBXBuildFile; fileRef = A39FB02416B2752E007FECB7 /* MCJoystick.cpp */; };
		A39FB03216B27566007FECB7 /* MCControllerDelegate.cpp in Sources */ = {isa = PBXBuildFile; fileRef = A39FB02E16B27566007FECB7 /* MCControllerDelegate.cpp */; };
		A39FB03316B27566007FECB7 /* MCControllerLayer.cpp in Sources */ = {isa = PBXBuildFile; fileRef = A39FB03016B27566007FECB7 /* MCControllerLayer.cpp */; };
		A39FB03616B2757A007FECB7 /* MCScript.cpp in Sources */ = {isa = PBXBuildFile; fileRef = A39FB03416B2757A007FECB7 /* MCScript.cpp */; };
		A39FB04116B27593007FECB7 /* MCGameScene.cpp in Sources */ = {isa = PBXBuildFile; fileRef = A39FB03716B27593007FECB7 /* MCGameScene.cpp */; };
		A39FB04216B27593007FECB7 /* MCMainMenuScene.cpp in Sources */ = {isa = PBXBuildFile; fileRef = A39FB03916B27593007FECB7 /* MCMainMenuScene.cpp */; };
		A39FB04416B27593007FECB7 /* MCScenePackage.cpp in Sources */ = {isa = PBXBuildFile; fileRef = A39FB03D16B27593007FECB7 /* MCScenePackage.cpp */; };
		A39FB04516B27593007FECB7 /* MCSplashScene.cpp in Sources */ = {isa = PBXBuildFile; fileRef = A39FB03F16B27593007FECB7 /* MCSplashScene.cpp */; };
		A39FB06616B275E8007FECB7 /* Array.cpp in Sources */ = {isa = PBXBuildFile; fileRef = A39FB05E16B275E8007FECB7 /* Array.cpp */; };
		A39FB06716B275E8007FECB7 /* Convert.cpp in Sources */ = {isa = PBXBuildFile; fileRef = A39FB05F16B275E8007FECB7 /* Convert.cpp */; };
		A39FB06816B275E8007FECB7 /* Escaper.cpp in Sources */ = {isa = PBXBuildFile; fileRef = A39FB06016B275E8007FECB7 /* Escaper.cpp */; };
		A39FB06916B275E8007FECB7 /* IndentCanceller.cpp in Sources */ = {isa = PBXBuildFile; fileRef = A39FB06116B275E8007FECB7 /* IndentCanceller.cpp */; };
		A39FB06A16B275E8007FECB7 /* Indenter.cpp in Sources */ = {isa = PBXBuildFile; fileRef = A39FB06216B275E8007FECB7 /* Indenter.cpp */; };
		A39FB06B16B275E8007FECB7 /* Object.cpp in Sources */ = {isa = PBXBuildFile; fileRef = A39FB06316B275E8007FECB7 /* Object.cpp */; };
		A39FB06C16B275E8007FECB7 /* SolidusEscaper.cpp in Sources */ = {isa = PBXBuildFile; fileRef = A39FB06416B275E8007FECB7 /* SolidusEscaper.cpp */; };
		A39FB06D16B275E8007FECB7 /* Value.cpp in Sources */ = {isa = PBXBuildFile; fileRef = A39FB06516B275E8007FECB7 /* Value.cpp */; };
		A39FB07016B27600007FECB7 /* MCJSONModifier.cpp in Sources */ = {isa = PBXBuildFile; fileRef = A39FB06E16B27600007FECB7 /* MCJSONModifier.cpp */; };
		BF1373EF128A898400D9F789 /* OpenGLES.framework in Frameworks */ = {isa = PBXBuildFile; fileRef = BF492D4B1289302400A09262 /* OpenGLES.framework */; };
		BF1373F0128A899500D9F789 /* libxml2.dylib in Frameworks */ = {isa = PBXBuildFile; fileRef = BF492C21128924A800A09262 /* libxml2.dylib */; };
		BF1373F1128A899E00D9F789 /* libz.dylib in Frameworks */ = {isa = PBXBuildFile; fileRef = BF492B6912891AC600A09262 /* libz.dylib */; };
		BF13742F128A8E6A00D9F789 /* QuartzCore.framework in Frameworks */ = {isa = PBXBuildFile; fileRef = BF137426128A8E4600D9F789 /* QuartzCore.framework */; };
		BF23D4E7143315EB00657E08 /* AppDelegate.cpp in Sources */ = {isa = PBXBuildFile; fileRef = BF23D4E3143315EB00657E08 /* AppDelegate.cpp */; };
		BF365AA812A103F70050DCF4 /* AppController.mm in Sources */ = {isa = PBXBuildFile; fileRef = BF365AA712A103F70050DCF4 /* AppController.mm */; };
		BF4DE6AD138BB89600CF907D /* RootViewController.mm in Sources */ = {isa = PBXBuildFile; fileRef = BF4DE6AC138BB89600CF907D /* RootViewController.mm */; };
		D446FD79161028E9000ADA7B /* Default.png in Resources */ = {isa = PBXBuildFile; fileRef = D446FD78161028E9000ADA7B /* Default.png */; };
		D446FD7B161028ED000ADA7B /* Default@2x.png in Resources */ = {isa = PBXBuildFile; fileRef = D446FD7A161028ED000ADA7B /* Default@2x.png */; };
		D446FD7D161028F4000ADA7B /* Default-568h@2x.png in Resources */ = {isa = PBXBuildFile; fileRef = D446FD7C161028F4000ADA7B /* Default-568h@2x.png */; };
		D4ABB4B313B4395300552E6E /* main.m in Sources */ = {isa = PBXBuildFile; fileRef = D4ABB4B213B4395300552E6E /* main.m */; };
		D4EF94E815BD319200D803EB /* Icon-57.png in Resources */ = {isa = PBXBuildFile; fileRef = D4EF94E715BD319200D803EB /* Icon-57.png */; };
		D4EF94EA15BD319500D803EB /* Icon-114.png in Resources */ = {isa = PBXBuildFile; fileRef = D4EF94E915BD319500D803EB /* Icon-114.png */; };
		D4EF94EC15BD319B00D803EB /* Icon-72.png in Resources */ = {isa = PBXBuildFile; fileRef = D4EF94EB15BD319B00D803EB /* Icon-72.png */; };
		D4EF94EE15BD319D00D803EB /* Icon-144.png in Resources */ = {isa = PBXBuildFile; fileRef = D4EF94ED15BD319D00D803EB /* Icon-144.png */; };
/* End PBXBuildFile section */

/* Begin PBXContainerItemProxy section */
		A33BB879169E915A00196286 /* PBXContainerItemProxy */ = {
			isa = PBXContainerItemProxy;
			containerPortal = A33BB872169E915A00196286 /* cocos2dx.xcodeproj */;
			proxyType = 2;
			remoteGlobalIDString = 1551A33F158F2AB200E66CFE;
			remoteInfo = cocos2dx;
		};
		A33BB87B169E91D200196286 /* PBXContainerItemProxy */ = {
			isa = PBXContainerItemProxy;
			containerPortal = A33BB872169E915A00196286 /* cocos2dx.xcodeproj */;
			proxyType = 1;
			remoteGlobalIDString = 1551A33E158F2AB200E66CFE;
			remoteInfo = cocos2dx;
		};
/* End PBXContainerItemProxy section */

/* Begin PBXFileReference section */
		15003FA215D2601D00B6775A /* iphone */ = {isa = PBXFileReference; lastKnownFileType = folder; path = iphone; sourceTree = "<group>"; };
		1A1CF3661626CB6000AFC938 /* AppMacros.h */ = {isa = PBXFileReference; fileEncoding = 4; lastKnownFileType = sourcecode.c.h; path = AppMacros.h; sourceTree = "<group>"; };
		1A1CF3671626CEFF00AFC938 /* ipad */ = {isa = PBXFileReference; lastKnownFileType = folder; path = ipad; sourceTree = "<group>"; };
		1A1CF3681626CEFF00AFC938 /* ipadhd */ = {isa = PBXFileReference; lastKnownFileType = folder; path = ipadhd; sourceTree = "<group>"; };
		1D30AB110D05D00D00671497 /* Foundation.framework */ = {isa = PBXFileReference; lastKnownFileType = wrapper.framework; name = Foundation.framework; path = System/Library/Frameworks/Foundation.framework; sourceTree = SDKROOT; };
		1D6058910D05DD3D006BFB54 /* Military Confrontation.app */ = {isa = PBXFileReference; explicitFileType = wrapper.application; includeInIndex = 0; path = "Military Confrontation.app"; sourceTree = BUILT_PRODUCTS_DIR; };
		1DF5F4DF0D08C38300B7A737 /* UIKit.framework */ = {isa = PBXFileReference; lastKnownFileType = wrapper.framework; name = UIKit.framework; path = System/Library/Frameworks/UIKit.framework; sourceTree = SDKROOT; };
		288765A40DF7441C002DB57D /* CoreGraphics.framework */ = {isa = PBXFileReference; lastKnownFileType = wrapper.framework; name = CoreGraphics.framework; path = System/Library/Frameworks/CoreGraphics.framework; sourceTree = SDKROOT; };
		781C33B11547F06B00633F88 /* OpenAL.framework */ = {isa = PBXFileReference; lastKnownFileType = wrapper.framework; name = OpenAL.framework; path = System/Library/Frameworks/OpenAL.framework; sourceTree = SDKROOT; };
		781C33B31547F06B00633F88 /* AudioToolbox.framework */ = {isa = PBXFileReference; lastKnownFileType = wrapper.framework; name = AudioToolbox.framework; path = System/Library/Frameworks/AudioToolbox.framework; sourceTree = SDKROOT; };
		781C33B51547F06B00633F88 /* AVFoundation.framework */ = {isa = PBXFileReference; lastKnownFileType = wrapper.framework; name = AVFoundation.framework; path = System/Library/Frameworks/AVFoundation.framework; sourceTree = SDKROOT; };
		A33BB872169E915A00196286 /* cocos2dx.xcodeproj */ = {isa = PBXFileReference; lastKnownFileType = "wrapper.pb-project"; name = cocos2dx.xcodeproj; path = ../../library/cocos2dx/proj.ios/cocos2dx.xcodeproj; sourceTree = "<group>"; };
		A33BB87E169E920500196286 /* Military Confrontation_Prefix.pch */ = {isa = PBXFileReference; fileEncoding = 4; lastKnownFileType = sourcecode.c.h; path = "Military Confrontation_Prefix.pch"; sourceTree = "<group>"; };
		A33BB87F169E920500196286 /* Military Confrontation-Info.plist */ = {isa = PBXFileReference; fileEncoding = 4; lastKnownFileType = text.plist.xml; path = "Military Confrontation-Info.plist"; sourceTree = "<group>"; };
		A33BB882169E937E00196286 /* CDAudioManager.h */ = {isa = PBXFileReference; fileEncoding = 4; lastKnownFileType = sourcecode.c.h; path = CDAudioManager.h; sourceTree = "<group>"; };
		A33BB883169E937E00196286 /* CDAudioManager.m */ = {isa = PBXFileReference; fileEncoding = 4; lastKnownFileType = sourcecode.c.objc; path = CDAudioManager.m; sourceTree = "<group>"; };
		A33BB884169E937E00196286 /* CDConfig.h */ = {isa = PBXFileReference; fileEncoding = 4; lastKnownFileType = sourcecode.c.h; path = CDConfig.h; sourceTree = "<group>"; };
		A33BB885169E937E00196286 /* CDOpenALSupport.h */ = {isa = PBXFileReference; fileEncoding = 4; lastKnownFileType = sourcecode.c.h; path = CDOpenALSupport.h; sourceTree = "<group>"; };
		A33BB886169E937E00196286 /* CDOpenALSupport.m */ = {isa = PBXFileReference; fileEncoding = 4; lastKnownFileType = sourcecode.c.objc; path = CDOpenALSupport.m; sourceTree = "<group>"; };
		A33BB887169E937E00196286 /* CocosDenshion.h */ = {isa = PBXFileReference; fileEncoding = 4; lastKnownFileType = sourcecode.c.h; path = CocosDenshion.h; sourceTree = "<group>"; };
		A33BB888169E937E00196286 /* CocosDenshion.m */ = {isa = PBXFileReference; fileEncoding = 4; lastKnownFileType = sourcecode.c.objc; path = CocosDenshion.m; sourceTree = "<group>"; };
		A33BB889169E937E00196286 /* SimpleAudioEngine.mm */ = {isa = PBXFileReference; fileEncoding = 4; lastKnownFileType = sourcecode.cpp.objcpp; path = SimpleAudioEngine.mm; sourceTree = "<group>"; };
		A33BB88A169E937E00196286 /* SimpleAudioEngine_objc.h */ = {isa = PBXFileReference; fileEncoding = 4; lastKnownFileType = sourcecode.c.h; path = SimpleAudioEngine_objc.h; sourceTree = "<group>"; };
		A33BB88B169E937E00196286 /* SimpleAudioEngine_objc.m */ = {isa = PBXFileReference; fileEncoding = 4; lastKnownFileType = sourcecode.c.objc; path = SimpleAudioEngine_objc.m; sourceTree = "<group>"; };
		A33BB892169E938600196286 /* Export.h */ = {isa = PBXFileReference; fileEncoding = 4; lastKnownFileType = sourcecode.c.h; path = Export.h; sourceTree = "<group>"; };
		A33BB893169E938600196286 /* SimpleAudioEngine.h */ = {isa = PBXFileReference; fileEncoding = 4; lastKnownFileType = sourcecode.c.h; path = SimpleAudioEngine.h; sourceTree = "<group>"; };
		A33BB8BA169E96B200196286 /* Android.mk */ = {isa = PBXFileReference; fileEncoding = 4; lastKnownFileType = text; path = Android.mk; sourceTree = "<group>"; };
		A33BB8BC169E96B200196286 /* CCBAnimationManager.cpp */ = {isa = PBXFileReference; fileEncoding = 4; lastKnownFileType = sourcecode.cpp.cpp; path = CCBAnimationManager.cpp; sourceTree = "<group>"; };
		A33BB8BD169E96B200196286 /* CCBAnimationManager.h */ = {isa = PBXFileReference; fileEncoding = 4; lastKnownFileType = sourcecode.c.h; path = CCBAnimationManager.h; sourceTree = "<group>"; };
		A33BB8BE169E96B200196286 /* CCBFileLoader.cpp */ = {isa = PBXFileReference; fileEncoding = 4; lastKnownFileType = sourcecode.cpp.cpp; path = CCBFileLoader.cpp; sourceTree = "<group>"; };
		A33BB8BF169E96B200196286 /* CCBFileLoader.h */ = {isa = PBXFileReference; fileEncoding = 4; lastKnownFileType = sourcecode.c.h; path = CCBFileLoader.h; sourceTree = "<group>"; };
		A33BB8C0169E96B200196286 /* CCBKeyframe.cpp */ = {isa = PBXFileReference; fileEncoding = 4; lastKnownFileType = sourcecode.cpp.cpp; path = CCBKeyframe.cpp; sourceTree = "<group>"; };
		A33BB8C1169E96B200196286 /* CCBKeyframe.h */ = {isa = PBXFileReference; fileEncoding = 4; lastKnownFileType = sourcecode.c.h; path = CCBKeyframe.h; sourceTree = "<group>"; };
		A33BB8C2169E96B200196286 /* CCBMemberVariableAssigner.h */ = {isa = PBXFileReference; fileEncoding = 4; lastKnownFileType = sourcecode.c.h; path = CCBMemberVariableAssigner.h; sourceTree = "<group>"; };
		A33BB8C3169E96B200196286 /* CCBReader.cpp */ = {isa = PBXFileReference; fileEncoding = 4; lastKnownFileType = sourcecode.cpp.cpp; path = CCBReader.cpp; sourceTree = "<group>"; };
		A33BB8C4169E96B200196286 /* CCBReader.h */ = {isa = PBXFileReference; fileEncoding = 4; lastKnownFileType = sourcecode.c.h; path = CCBReader.h; sourceTree = "<group>"; };
		A33BB8C5169E96B200196286 /* CCBSelectorResolver.h */ = {isa = PBXFileReference; fileEncoding = 4; lastKnownFileType = sourcecode.c.h; path = CCBSelectorResolver.h; sourceTree = "<group>"; };
		A33BB8C6169E96B200196286 /* CCBSequence.cpp */ = {isa = PBXFileReference; fileEncoding = 4; lastKnownFileType = sourcecode.cpp.cpp; path = CCBSequence.cpp; sourceTree = "<group>"; };
		A33BB8C7169E96B200196286 /* CCBSequence.h */ = {isa = PBXFileReference; fileEncoding = 4; lastKnownFileType = sourcecode.c.h; path = CCBSequence.h; sourceTree = "<group>"; };
		A33BB8C8169E96B200196286 /* CCBSequenceProperty.cpp */ = {isa = PBXFileReference; fileEncoding = 4; lastKnownFileType = sourcecode.cpp.cpp; path = CCBSequenceProperty.cpp; sourceTree = "<group>"; };
		A33BB8C9169E96B200196286 /* CCBSequenceProperty.h */ = {isa = PBXFileReference; fileEncoding = 4; lastKnownFileType = sourcecode.c.h; path = CCBSequenceProperty.h; sourceTree = "<group>"; };
		A33BB8CA169E96B200196286 /* CCBValue.cpp */ = {isa = PBXFileReference; fileEncoding = 4; lastKnownFileType = sourcecode.cpp.cpp; path = CCBValue.cpp; sourceTree = "<group>"; };
		A33BB8CB169E96B200196286 /* CCBValue.h */ = {isa = PBXFileReference; fileEncoding = 4; lastKnownFileType = sourcecode.c.h; path = CCBValue.h; sourceTree = "<group>"; };
		A33BB8CC169E96B200196286 /* CCControlButtonLoader.cpp */ = {isa = PBXFileReference; fileEncoding = 4; lastKnownFileType = sourcecode.cpp.cpp; path = CCControlButtonLoader.cpp; sourceTree = "<group>"; };
		A33BB8CD169E96B200196286 /* CCControlButtonLoader.h */ = {isa = PBXFileReference; fileEncoding = 4; lastKnownFileType = sourcecode.c.h; path = CCControlButtonLoader.h; sourceTree = "<group>"; };
		A33BB8CE169E96B200196286 /* CCControlLoader.cpp */ = {isa = PBXFileReference; fileEncoding = 4; lastKnownFileType = sourcecode.cpp.cpp; path = CCControlLoader.cpp; sourceTree = "<group>"; };
		A33BB8CF169E96B200196286 /* CCControlLoader.h */ = {isa = PBXFileReference; fileEncoding = 4; lastKnownFileType = sourcecode.c.h; path = CCControlLoader.h; sourceTree = "<group>"; };
		A33BB8D0169E96B200196286 /* CCData.cpp */ = {isa = PBXFileReference; fileEncoding = 4; lastKnownFileType = sourcecode.cpp.cpp; path = CCData.cpp; sourceTree = "<group>"; };
		A33BB8D1169E96B200196286 /* CCData.h */ = {isa = PBXFileReference; fileEncoding = 4; lastKnownFileType = sourcecode.c.h; path = CCData.h; sourceTree = "<group>"; };
		A33BB8D2169E96B200196286 /* CCLabelBMFontLoader.cpp */ = {isa = PBXFileReference; fileEncoding = 4; lastKnownFileType = sourcecode.cpp.cpp; path = CCLabelBMFontLoader.cpp; sourceTree = "<group>"; };
		A33BB8D3169E96B200196286 /* CCLabelBMFontLoader.h */ = {isa = PBXFileReference; fileEncoding = 4; lastKnownFileType = sourcecode.c.h; path = CCLabelBMFontLoader.h; sourceTree = "<group>"; };
		A33BB8D4169E96B200196286 /* CCLabelTTFLoader.cpp */ = {isa = PBXFileReference; fileEncoding = 4; lastKnownFileType = sourcecode.cpp.cpp; path = CCLabelTTFLoader.cpp; sourceTree = "<group>"; };
		A33BB8D5169E96B200196286 /* CCLabelTTFLoader.h */ = {isa = PBXFileReference; fileEncoding = 4; lastKnownFileType = sourcecode.c.h; path = CCLabelTTFLoader.h; sourceTree = "<group>"; };
		A33BB8D6169E96B200196286 /* CCLayerColorLoader.cpp */ = {isa = PBXFileReference; fileEncoding = 4; lastKnownFileType = sourcecode.cpp.cpp; path = CCLayerColorLoader.cpp; sourceTree = "<group>"; };
		A33BB8D7169E96B200196286 /* CCLayerColorLoader.h */ = {isa = PBXFileReference; fileEncoding = 4; lastKnownFileType = sourcecode.c.h; path = CCLayerColorLoader.h; sourceTree = "<group>"; };
		A33BB8D8169E96B200196286 /* CCLayerGradientLoader.cpp */ = {isa = PBXFileReference; fileEncoding = 4; lastKnownFileType = sourcecode.cpp.cpp; path = CCLayerGradientLoader.cpp; sourceTree = "<group>"; };
		A33BB8D9169E96B200196286 /* CCLayerGradientLoader.h */ = {isa = PBXFileReference; fileEncoding = 4; lastKnownFileType = sourcecode.c.h; path = CCLayerGradientLoader.h; sourceTree = "<group>"; };
		A33BB8DA169E96B200196286 /* CCLayerLoader.cpp */ = {isa = PBXFileReference; fileEncoding = 4; lastKnownFileType = sourcecode.cpp.cpp; path = CCLayerLoader.cpp; sourceTree = "<group>"; };
		A33BB8DB169E96B200196286 /* CCLayerLoader.h */ = {isa = PBXFileReference; fileEncoding = 4; lastKnownFileType = sourcecode.c.h; path = CCLayerLoader.h; sourceTree = "<group>"; };
		A33BB8DC169E96B200196286 /* CCMenuItemImageLoader.cpp */ = {isa = PBXFileReference; fileEncoding = 4; lastKnownFileType = sourcecode.cpp.cpp; path = CCMenuItemImageLoader.cpp; sourceTree = "<group>"; };
		A33BB8DD169E96B200196286 /* CCMenuItemImageLoader.h */ = {isa = PBXFileReference; fileEncoding = 4; lastKnownFileType = sourcecode.c.h; path = CCMenuItemImageLoader.h; sourceTree = "<group>"; };
		A33BB8DE169E96B200196286 /* CCMenuItemLoader.cpp */ = {isa = PBXFileReference; fileEncoding = 4; lastKnownFileType = sourcecode.cpp.cpp; path = CCMenuItemLoader.cpp; sourceTree = "<group>"; };
		A33BB8DF169E96B200196286 /* CCMenuItemLoader.h */ = {isa = PBXFileReference; fileEncoding = 4; lastKnownFileType = sourcecode.c.h; path = CCMenuItemLoader.h; sourceTree = "<group>"; };
		A33BB8E0169E96B200196286 /* CCMenuLoader.h */ = {isa = PBXFileReference; fileEncoding = 4; lastKnownFileType = sourcecode.c.h; path = CCMenuLoader.h; sourceTree = "<group>"; };
		A33BB8E1169E96B200196286 /* CCNode+CCBRelativePositioning.cpp */ = {isa = PBXFileReference; fileEncoding = 4; lastKnownFileType = sourcecode.cpp.cpp; path = "CCNode+CCBRelativePositioning.cpp"; sourceTree = "<group>"; };
		A33BB8E2169E96B200196286 /* CCNode+CCBRelativePositioning.h */ = {isa = PBXFileReference; fileEncoding = 4; lastKnownFileType = sourcecode.c.h; path = "CCNode+CCBRelativePositioning.h"; sourceTree = "<group>"; };
		A33BB8E3169E96B200196286 /* CCNodeLoader.cpp */ = {isa = PBXFileReference; fileEncoding = 4; lastKnownFileType = sourcecode.cpp.cpp; path = CCNodeLoader.cpp; sourceTree = "<group>"; };
		A33BB8E4169E96B200196286 /* CCNodeLoader.h */ = {isa = PBXFileReference; fileEncoding = 4; lastKnownFileType = sourcecode.c.h; path = CCNodeLoader.h; sourceTree = "<group>"; };
		A33BB8E5169E96B200196286 /* CCNodeLoaderLibrary.cpp */ = {isa = PBXFileReference; fileEncoding = 4; lastKnownFileType = sourcecode.cpp.cpp; path = CCNodeLoaderLibrary.cpp; sourceTree = "<group>"; };
		A33BB8E6169E96B200196286 /* CCNodeLoaderLibrary.h */ = {isa = PBXFileReference; fileEncoding = 4; lastKnownFileType = sourcecode.c.h; path = CCNodeLoaderLibrary.h; sourceTree = "<group>"; };
		A33BB8E7169E96B200196286 /* CCNodeLoaderListener.h */ = {isa = PBXFileReference; fileEncoding = 4; lastKnownFileType = sourcecode.c.h; path = CCNodeLoaderListener.h; sourceTree = "<group>"; };
		A33BB8E8169E96B200196286 /* CCParticleSystemQuadLoader.cpp */ = {isa = PBXFileReference; fileEncoding = 4; lastKnownFileType = sourcecode.cpp.cpp; path = CCParticleSystemQuadLoader.cpp; sourceTree = "<group>"; };
		A33BB8E9169E96B200196286 /* CCParticleSystemQuadLoader.h */ = {isa = PBXFileReference; fileEncoding = 4; lastKnownFileType = sourcecode.c.h; path = CCParticleSystemQuadLoader.h; sourceTree = "<group>"; };
		A33BB8EA169E96B200196286 /* CCScale9SpriteLoader.cpp */ = {isa = PBXFileReference; fileEncoding = 4; lastKnownFileType = sourcecode.cpp.cpp; path = CCScale9SpriteLoader.cpp; sourceTree = "<group>"; };
		A33BB8EB169E96B200196286 /* CCScale9SpriteLoader.h */ = {isa = PBXFileReference; fileEncoding = 4; lastKnownFileType = sourcecode.c.h; path = CCScale9SpriteLoader.h; sourceTree = "<group>"; };
		A33BB8EC169E96B200196286 /* CCScrollViewLoader.cpp */ = {isa = PBXFileReference; fileEncoding = 4; lastKnownFileType = sourcecode.cpp.cpp; path = CCScrollViewLoader.cpp; sourceTree = "<group>"; };
		A33BB8ED169E96B200196286 /* CCScrollViewLoader.h */ = {isa = PBXFileReference; fileEncoding = 4; lastKnownFileType = sourcecode.c.h; path = CCScrollViewLoader.h; sourceTree = "<group>"; };
		A33BB8EE169E96B200196286 /* CCSpriteLoader.cpp */ = {isa = PBXFileReference; fileEncoding = 4; lastKnownFileType = sourcecode.cpp.cpp; path = CCSpriteLoader.cpp; sourceTree = "<group>"; };
		A33BB8EF169E96B200196286 /* CCSpriteLoader.h */ = {isa = PBXFileReference; fileEncoding = 4; lastKnownFileType = sourcecode.c.h; path = CCSpriteLoader.h; sourceTree = "<group>"; };
		A33BB8F0169E96B200196286 /* cocos-ext.h */ = {isa = PBXFileReference; fileEncoding = 4; lastKnownFileType = sourcecode.c.h; path = "cocos-ext.h"; sourceTree = "<group>"; };
		A33BB8F1169E96B200196286 /* ExtensionMacros.h */ = {isa = PBXFileReference; fileEncoding = 4; lastKnownFileType = sourcecode.c.h; path = ExtensionMacros.h; sourceTree = "<group>"; };
		A33BB8F4169E96B200196286 /* CCControl.cpp */ = {isa = PBXFileReference; fileEncoding = 4; lastKnownFileType = sourcecode.cpp.cpp; path = CCControl.cpp; sourceTree = "<group>"; };
		A33BB8F5169E96B200196286 /* CCControl.h */ = {isa = PBXFileReference; fileEncoding = 4; lastKnownFileType = sourcecode.c.h; path = CCControl.h; sourceTree = "<group>"; };
		A33BB8F6169E96B200196286 /* CCControlButton.cpp */ = {isa = PBXFileReference; fileEncoding = 4; lastKnownFileType = sourcecode.cpp.cpp; path = CCControlButton.cpp; sourceTree = "<group>"; };
		A33BB8F7169E96B200196286 /* CCControlButton.h */ = {isa = PBXFileReference; fileEncoding = 4; lastKnownFileType = sourcecode.c.h; path = CCControlButton.h; sourceTree = "<group>"; };
		A33BB8F8169E96B200196286 /* CCControlColourPicker.cpp */ = {isa = PBXFileReference; fileEncoding = 4; lastKnownFileType = sourcecode.cpp.cpp; path = CCControlColourPicker.cpp; sourceTree = "<group>"; };
		A33BB8F9169E96B200196286 /* CCControlColourPicker.h */ = {isa = PBXFileReference; fileEncoding = 4; lastKnownFileType = sourcecode.c.h; path = CCControlColourPicker.h; sourceTree = "<group>"; };
		A33BB8FA169E96B200196286 /* CCControlExtensions.h */ = {isa = PBXFileReference; fileEncoding = 4; lastKnownFileType = sourcecode.c.h; path = CCControlExtensions.h; sourceTree = "<group>"; };
		A33BB8FB169E96B200196286 /* CCControlHuePicker.cpp */ = {isa = PBXFileReference; fileEncoding = 4; lastKnownFileType = sourcecode.cpp.cpp; path = CCControlHuePicker.cpp; sourceTree = "<group>"; };
		A33BB8FC169E96B200196286 /* CCControlHuePicker.h */ = {isa = PBXFileReference; fileEncoding = 4; lastKnownFileType = sourcecode.c.h; path = CCControlHuePicker.h; sourceTree = "<group>"; };
		A33BB8FD169E96B200196286 /* CCControlPotentiometer.cpp */ = {isa = PBXFileReference; fileEncoding = 4; lastKnownFileType = sourcecode.cpp.cpp; path = CCControlPotentiometer.cpp; sourceTree = "<group>"; };
		A33BB8FE169E96B200196286 /* CCControlPotentiometer.h */ = {isa = PBXFileReference; fileEncoding = 4; lastKnownFileType = sourcecode.c.h; path = CCControlPotentiometer.h; sourceTree = "<group>"; };
		A33BB8FF169E96B200196286 /* CCControlSaturationBrightnessPicker.cpp */ = {isa = PBXFileReference; fileEncoding = 4; lastKnownFileType = sourcecode.cpp.cpp; path = CCControlSaturationBrightnessPicker.cpp; sourceTree = "<group>"; };
		A33BB900169E96B200196286 /* CCControlSaturationBrightnessPicker.h */ = {isa = PBXFileReference; fileEncoding = 4; lastKnownFileType = sourcecode.c.h; path = CCControlSaturationBrightnessPicker.h; sourceTree = "<group>"; };
		A33BB901169E96B200196286 /* CCControlSlider.cpp */ = {isa = PBXFileReference; fileEncoding = 4; lastKnownFileType = sourcecode.cpp.cpp; path = CCControlSlider.cpp; sourceTree = "<group>"; };
		A33BB902169E96B200196286 /* CCControlSlider.h */ = {isa = PBXFileReference; fileEncoding = 4; lastKnownFileType = sourcecode.c.h; path = CCControlSlider.h; sourceTree = "<group>"; };
		A33BB903169E96B200196286 /* CCControlStepper.cpp */ = {isa = PBXFileReference; fileEncoding = 4; lastKnownFileType = sourcecode.cpp.cpp; path = CCControlStepper.cpp; sourceTree = "<group>"; };
		A33BB904169E96B200196286 /* CCControlStepper.h */ = {isa = PBXFileReference; fileEncoding = 4; lastKnownFileType = sourcecode.c.h; path = CCControlStepper.h; sourceTree = "<group>"; };
		A33BB905169E96B200196286 /* CCControlSwitch.cpp */ = {isa = PBXFileReference; fileEncoding = 4; lastKnownFileType = sourcecode.cpp.cpp; path = CCControlSwitch.cpp; sourceTree = "<group>"; };
		A33BB906169E96B200196286 /* CCControlSwitch.h */ = {isa = PBXFileReference; fileEncoding = 4; lastKnownFileType = sourcecode.c.h; path = CCControlSwitch.h; sourceTree = "<group>"; };
		A33BB907169E96B200196286 /* CCControlUtils.cpp */ = {isa = PBXFileReference; fileEncoding = 4; lastKnownFileType = sourcecode.cpp.cpp; path = CCControlUtils.cpp; sourceTree = "<group>"; };
		A33BB908169E96B200196286 /* CCControlUtils.h */ = {isa = PBXFileReference; fileEncoding = 4; lastKnownFileType = sourcecode.c.h; path = CCControlUtils.h; sourceTree = "<group>"; };
		A33BB909169E96B200196286 /* CCInvocation.cpp */ = {isa = PBXFileReference; fileEncoding = 4; lastKnownFileType = sourcecode.cpp.cpp; path = CCInvocation.cpp; sourceTree = "<group>"; };
		A33BB90A169E96B200196286 /* CCInvocation.h */ = {isa = PBXFileReference; fileEncoding = 4; lastKnownFileType = sourcecode.c.h; path = CCInvocation.h; sourceTree = "<group>"; };
		A33BB90B169E96B200196286 /* CCScale9Sprite.cpp */ = {isa = PBXFileReference; fileEncoding = 4; lastKnownFileType = sourcecode.cpp.cpp; path = CCScale9Sprite.cpp; sourceTree = "<group>"; };
		A33BB90C169E96B200196286 /* CCScale9Sprite.h */ = {isa = PBXFileReference; fileEncoding = 4; lastKnownFileType = sourcecode.c.h; path = CCScale9Sprite.h; sourceTree = "<group>"; };
		A33BB90E169E96B200196286 /* CCEditBox.cpp */ = {isa = PBXFileReference; fileEncoding = 4; lastKnownFileType = sourcecode.cpp.cpp; path = CCEditBox.cpp; sourceTree = "<group>"; };
		A33BB90F169E96B200196286 /* CCEditBox.h */ = {isa = PBXFileReference; fileEncoding = 4; lastKnownFileType = sourcecode.c.h; path = CCEditBox.h; sourceTree = "<group>"; };
		A33BB910169E96B200196286 /* CCEditBoxImpl.h */ = {isa = PBXFileReference; fileEncoding = 4; lastKnownFileType = sourcecode.c.h; path = CCEditBoxImpl.h; sourceTree = "<group>"; };
		A33BB913169E96B200196286 /* CCEditBoxImplIOS.h */ = {isa = PBXFileReference; fileEncoding = 4; lastKnownFileType = sourcecode.c.h; path = CCEditBoxImplIOS.h; sourceTree = "<group>"; };
		A33BB914169E96B200196286 /* CCEditBoxImplIOS.mm */ = {isa = PBXFileReference; fileEncoding = 4; lastKnownFileType = sourcecode.cpp.objcpp; path = CCEditBoxImplIOS.mm; sourceTree = "<group>"; };
		A33BB915169E96B200196286 /* EditBoxImplIOS.h */ = {isa = PBXFileReference; fileEncoding = 4; lastKnownFileType = sourcecode.c.h; path = EditBoxImplIOS.h; sourceTree = "<group>"; };
		A33BB916169E96B200196286 /* EditBoxImplIOS.mm */ = {isa = PBXFileReference; fileEncoding = 4; lastKnownFileType = sourcecode.cpp.objcpp; path = EditBoxImplIOS.mm; sourceTree = "<group>"; };
		A33BB918169E96B200196286 /* CCScrollView.cpp */ = {isa = PBXFileReference; fileEncoding = 4; lastKnownFileType = sourcecode.cpp.cpp; path = CCScrollView.cpp; sourceTree = "<group>"; };
		A33BB919169E96B200196286 /* CCScrollView.h */ = {isa = PBXFileReference; fileEncoding = 4; lastKnownFileType = sourcecode.c.h; path = CCScrollView.h; sourceTree = "<group>"; };
		A33BB91A169E96B200196286 /* CCSorting.cpp */ = {isa = PBXFileReference; fileEncoding = 4; lastKnownFileType = sourcecode.cpp.cpp; path = CCSorting.cpp; sourceTree = "<group>"; };
		A33BB91B169E96B200196286 /* CCSorting.h */ = {isa = PBXFileReference; fileEncoding = 4; lastKnownFileType = sourcecode.c.h; path = CCSorting.h; sourceTree = "<group>"; };
		A33BB91C169E96B200196286 /* CCTableView.cpp */ = {isa = PBXFileReference; fileEncoding = 4; lastKnownFileType = sourcecode.cpp.cpp; path = CCTableView.cpp; sourceTree = "<group>"; };
		A33BB91D169E96B200196286 /* CCTableView.h */ = {isa = PBXFileReference; fileEncoding = 4; lastKnownFileType = sourcecode.c.h; path = CCTableView.h; sourceTree = "<group>"; };
		A33BB91E169E96B200196286 /* CCTableViewCell.cpp */ = {isa = PBXFileReference; fileEncoding = 4; lastKnownFileType = sourcecode.cpp.cpp; path = CCTableViewCell.cpp; sourceTree = "<group>"; };
		A33BB91F169E96B200196286 /* CCTableViewCell.h */ = {isa = PBXFileReference; fileEncoding = 4; lastKnownFileType = sourcecode.c.h; path = CCTableViewCell.h; sourceTree = "<group>"; };
		A33BB921169E96B200196286 /* HttpClient.cpp */ = {isa = PBXFileReference; fileEncoding = 4; lastKnownFileType = sourcecode.cpp.cpp; path = HttpClient.cpp; sourceTree = "<group>"; };
		A33BB922169E96B200196286 /* HttpClient.h */ = {isa = PBXFileReference; fileEncoding = 4; lastKnownFileType = sourcecode.c.h; path = HttpClient.h; sourceTree = "<group>"; };
		A33BB923169E96B200196286 /* HttpRequest.h */ = {isa = PBXFileReference; fileEncoding = 4; lastKnownFileType = sourcecode.c.h; path = HttpRequest.h; sourceTree = "<group>"; };
		A33BB924169E96B200196286 /* HttpResponse.h */ = {isa = PBXFileReference; fileEncoding = 4; lastKnownFileType = sourcecode.c.h; path = HttpResponse.h; sourceTree = "<group>"; };
		A33BB926169E96B200196286 /* CCPhysicsDebugNode.cpp */ = {isa = PBXFileReference; fileEncoding = 4; lastKnownFileType = sourcecode.cpp.cpp; path = CCPhysicsDebugNode.cpp; sourceTree = "<group>"; };
		A33BB927169E96B200196286 /* CCPhysicsDebugNode.h */ = {isa = PBXFileReference; fileEncoding = 4; lastKnownFileType = sourcecode.c.h; path = CCPhysicsDebugNode.h; sourceTree = "<group>"; };
		A33BB928169E96B200196286 /* CCPhysicsSprite.cpp */ = {isa = PBXFileReference; fileEncoding = 4; lastKnownFileType = sourcecode.cpp.cpp; path = CCPhysicsSprite.cpp; sourceTree = "<group>"; };
		A33BB929169E96B200196286 /* CCPhysicsSprite.h */ = {isa = PBXFileReference; fileEncoding = 4; lastKnownFileType = sourcecode.c.h; path = CCPhysicsSprite.h; sourceTree = "<group>"; };
		A33BB96F169E978D00196286 /* libcurl.a */ = {isa = PBXFileReference; lastKnownFileType = archive.ar; name = libcurl.a; path = ../../library/cocos2dx/platform/third_party/ios/libraries/libcurl.a; sourceTree = "<group>"; };
		A38D11CD16B81C8C009E1CB8 /* MCBase64.cpp */ = {isa = PBXFileReference; fileEncoding = 4; lastKnownFileType = sourcecode.cpp.cpp; path = MCBase64.cpp; sourceTree = "<group>"; };
		A38D11CE16B81C8C009E1CB8 /* MCBase64.h */ = {isa = PBXFileReference; fileEncoding = 4; lastKnownFileType = sourcecode.c.h; path = MCBase64.h; sourceTree = "<group>"; };
		A38D11D116B81CB9009E1CB8 /* MCDialog.cpp */ = {isa = PBXFileReference; fileEncoding = 4; lastKnownFileType = sourcecode.cpp.cpp; path = MCDialog.cpp; sourceTree = "<group>"; };
		A38D11D216B81CB9009E1CB8 /* MCDialog.h */ = {isa = PBXFileReference; fileEncoding = 4; lastKnownFileType = sourcecode.c.h; path = MCDialog.h; sourceTree = "<group>"; };
		A38D11D416B81CD6009E1CB8 /* MCSceneManager.cpp */ = {isa = PBXFileReference; fileEncoding = 4; lastKnownFileType = sourcecode.cpp.cpp; path = MCSceneManager.cpp; sourceTree = "<group>"; };
		A38D11D516B81CD6009E1CB8 /* MCSceneManager.h */ = {isa = PBXFileReference; fileEncoding = 4; lastKnownFileType = sourcecode.c.h; path = MCSceneManager.h; sourceTree = "<group>"; };
		A38D11D816B81CF8009E1CB8 /* MCDetailScene.cpp */ = {isa = PBXFileReference; fileEncoding = 4; lastKnownFileType = sourcecode.cpp.cpp; path = MCDetailScene.cpp; sourceTree = "<group>"; };
		A38D11D916B81CF8009E1CB8 /* MCDetailScene.h */ = {isa = PBXFileReference; fileEncoding = 4; lastKnownFileType = sourcecode.c.h; path = MCDetailScene.h; sourceTree = "<group>"; };
		A39C947716AEE11800B92E33 /* MCBattle.cpp */ = {isa = PBXFileReference; fileEncoding = 4; lastKnownFileType = sourcecode.cpp.cpp; path = MCBattle.cpp; sourceTree = "<group>"; };
		A39C947816AEE11800B92E33 /* MCBattle.h */ = {isa = PBXFileReference; fileEncoding = 4; lastKnownFileType = sourcecode.c.h; path = MCBattle.h; sourceTree = "<group>"; };
		A39C947916AEE11800B92E33 /* MCDungeonMaster.cpp */ = {isa = PBXFileReference; fileEncoding = 4; lastKnownFileType = sourcecode.cpp.cpp; path = MCDungeonMaster.cpp; sourceTree = "<group>"; };
		A39C947A16AEE11800B92E33 /* MCDungeonMaster.h */ = {isa = PBXFileReference; fileEncoding = 4; lastKnownFileType = sourcecode.c.h; path = MCDungeonMaster.h; sourceTree = "<group>"; };
		A39C947B16AEE11800B92E33 /* MCMutiplayerBattleImpl.cpp */ = {isa = PBXFileReference; fileEncoding = 4; lastKnownFileType = sourcecode.cpp.cpp; path = MCMutiplayerBattleImpl.cpp; sourceTree = "<group>"; };
		A39C947C16AEE11800B92E33 /* MCMutiplayerBattleImpl.h */ = {isa = PBXFileReference; fileEncoding = 4; lastKnownFileType = sourcecode.c.h; path = MCMutiplayerBattleImpl.h; sourceTree = "<group>"; };
		A39C947D16AEE11800B92E33 /* MCNormalBattleImpl.cpp */ = {isa = PBXFileReference; fileEncoding = 4; lastKnownFileType = sourcecode.cpp.cpp; path = MCNormalBattleImpl.cpp; sourceTree = "<group>"; };
		A39C947E16AEE11800B92E33 /* MCNormalBattleImpl.h */ = {isa = PBXFileReference; fileEncoding = 4; lastKnownFileType = sourcecode.c.h; path = MCNormalBattleImpl.h; sourceTree = "<group>"; };
		A39C947F16AEE11800B92E33 /* MCObject.h */ = {isa = PBXFileReference; fileEncoding = 4; lastKnownFileType = sourcecode.c.h; path = MCObject.h; sourceTree = "<group>"; };
		A39C948016AEE11800B92E33 /* MCRole.cpp */ = {isa = PBXFileReference; fileEncoding = 4; lastKnownFileType = sourcecode.cpp.cpp; path = MCRole.cpp; sourceTree = "<group>"; };
		A39C948116AEE11800B92E33 /* MCRole.h */ = {isa = PBXFileReference; fileEncoding = 4; lastKnownFileType = sourcecode.c.h; path = MCRole.h; sourceTree = "<group>"; };
		A39C948216AEE11800B92E33 /* MCType.h */ = {isa = PBXFileReference; fileEncoding = 4; lastKnownFileType = sourcecode.c.h; path = MCType.h; sourceTree = "<group>"; };
		A39C948816AEE13800B92E33 /* MCDice.cpp */ = {isa = PBXFileReference; fileEncoding = 4; lastKnownFileType = sourcecode.cpp.cpp; path = MCDice.cpp; sourceTree = "<group>"; };
		A39C948916AEE13800B92E33 /* MCDice.h */ = {isa = PBXFileReference; fileEncoding = 4; lastKnownFileType = sourcecode.c.h; path = MCDice.h; sourceTree = "<group>"; };
		A39C948A16AEE13800B92E33 /* MCTestScene.cpp */ = {isa = PBXFileReference; fileEncoding = 4; lastKnownFileType = sourcecode.cpp.cpp; path = MCTestScene.cpp; sourceTree = "<group>"; };
		A39C948B16AEE13800B92E33 /* MCTestScene.h */ = {isa = PBXFileReference; fileEncoding = 4; lastKnownFileType = sourcecode.c.h; path = MCTestScene.h; sourceTree = "<group>"; };
		A39FB00D16B2745D007FECB7 /* MCGeometry.cpp */ = {isa = PBXFileReference; fileEncoding = 4; lastKnownFileType = sourcecode.cpp.cpp; path = MCGeometry.cpp; sourceTree = "<group>"; };
		A39FB00E16B2745D007FECB7 /* MCGeometry.h */ = {isa = PBXFileReference; fileEncoding = 4; lastKnownFileType = sourcecode.c.h; path = MCGeometry.h; sourceTree = "<group>"; };
		A39FB00F16B2745D007FECB7 /* MCPointExtension.cpp */ = {isa = PBXFileReference; fileEncoding = 4; lastKnownFileType = sourcecode.cpp.cpp; path = MCPointExtension.cpp; sourceTree = "<group>"; };
		A39FB01016B2745D007FECB7 /* MCPointExtension.h */ = {isa = PBXFileReference; fileEncoding = 4; lastKnownFileType = sourcecode.c.h; path = MCPointExtension.h; sourceTree = "<group>"; };
		A39FB01316B2746C007FECB7 /* MCTestControllerScene.cpp */ = {isa = PBXFileReference; fileEncoding = 4; lastKnownFileType = sourcecode.cpp.cpp; path = MCTestControllerScene.cpp; sourceTree = "<group>"; };
		A39FB01416B2746C007FECB7 /* MCTestControllerScene.h */ = {isa = PBXFileReference; fileEncoding = 4; lastKnownFileType = sourcecode.c.h; path = MCTestControllerScene.h; sourceTree = "<group>"; };
		A39FB01F16B27512007FECB7 /* MCItem.cpp */ = {isa = PBXFileReference; fileEncoding = 4; lastKnownFileType = sourcecode.cpp.cpp; path = MCItem.cpp; sourceTree = "<group>"; };
		A39FB02016B27512007FECB7 /* MCItem.h */ = {isa = PBXFileReference; fileEncoding = 4; lastKnownFileType = sourcecode.c.h; path = MCItem.h; sourceTree = "<group>"; };
		A39FB02216B2752E007FECB7 /* MCJoypad.cpp */ = {isa = PBXFileReference; fileEncoding = 4; lastKnownFileType = sourcecode.cpp.cpp; path = MCJoypad.cpp; sourceTree = "<group>"; };
		A39FB02316B2752E007FECB7 /* MCJoypad.h */ = {isa = PBXFileReference; fileEncoding = 4; lastKnownFileType = sourcecode.c.h; path = MCJoypad.h; sourceTree = "<group>"; };
		A39FB02416B2752E007FECB7 /* MCJoystick.cpp */ = {isa = PBXFileReference; fileEncoding = 4; lastKnownFileType = sourcecode.cpp.cpp; path = MCJoystick.cpp; sourceTree = "<group>"; };
		A39FB02516B2752E007FECB7 /* MCJoystick.h */ = {isa = PBXFileReference; fileEncoding = 4; lastKnownFileType = sourcecode.c.h; path = MCJoystick.h; sourceTree = "<group>"; };
		A39FB02E16B27566007FECB7 /* MCControllerDelegate.cpp */ = {isa = PBXFileReference; fileEncoding = 4; lastKnownFileType = sourcecode.cpp.cpp; path = MCControllerDelegate.cpp; sourceTree = "<group>"; };
		A39FB02F16B27566007FECB7 /* MCControllerDelegate.h */ = {isa = PBXFileReference; fileEncoding = 4; lastKnownFileType = sourcecode.c.h; path = MCControllerDelegate.h; sourceTree = "<group>"; };
		A39FB03016B27566007FECB7 /* MCControllerLayer.cpp */ = {isa = PBXFileReference; fileEncoding = 4; lastKnownFileType = sourcecode.cpp.cpp; path = MCControllerLayer.cpp; sourceTree = "<group>"; };
		A39FB03116B27566007FECB7 /* MCControllerLayer.h */ = {isa = PBXFileReference; fileEncoding = 4; lastKnownFileType = sourcecode.c.h; path = MCControllerLayer.h; sourceTree = "<group>"; };
		A39FB03416B2757A007FECB7 /* MCScript.cpp */ = {isa = PBXFileReference; fileEncoding = 4; lastKnownFileType = sourcecode.cpp.cpp; path = MCScript.cpp; sourceTree = "<group>"; };
		A39FB03516B2757A007FECB7 /* MCScript.h */ = {isa = PBXFileReference; fileEncoding = 4; lastKnownFileType = sourcecode.c.h; path = MCScript.h; sourceTree = "<group>"; };
		A39FB03716B27593007FECB7 /* MCGameScene.cpp */ = {isa = PBXFileReference; fileEncoding = 4; lastKnownFileType = sourcecode.cpp.cpp; path = MCGameScene.cpp; sourceTree = "<group>"; };
		A39FB03816B27593007FECB7 /* MCGameScene.h */ = {isa = PBXFileReference; fileEncoding = 4; lastKnownFileType = sourcecode.c.h; path = MCGameScene.h; sourceTree = "<group>"; };
		A39FB03916B27593007FECB7 /* MCMainMenuScene.cpp */ = {isa = PBXFileReference; fileEncoding = 4; lastKnownFileType = sourcecode.cpp.cpp; path = MCMainMenuScene.cpp; sourceTree = "<group>"; };
		A39FB03A16B27593007FECB7 /* MCMainMenuScene.h */ = {isa = PBXFileReference; fileEncoding = 4; lastKnownFileType = sourcecode.c.h; path = MCMainMenuScene.h; sourceTree = "<group>"; };
		A39FB03D16B27593007FECB7 /* MCScenePackage.cpp */ = {isa = PBXFileReference; fileEncoding = 4; lastKnownFileType = sourcecode.cpp.cpp; path = MCScenePackage.cpp; sourceTree = "<group>"; };
		A39FB03E16B27593007FECB7 /* MCScenePackage.h */ = {isa = PBXFileReference; fileEncoding = 4; lastKnownFileType = sourcecode.c.h; path = MCScenePackage.h; sourceTree = "<group>"; };
		A39FB03F16B27593007FECB7 /* MCSplashScene.cpp */ = {isa = PBXFileReference; fileEncoding = 4; lastKnownFileType = sourcecode.cpp.cpp; path = MCSplashScene.cpp; sourceTree = "<group>"; };
		A39FB04016B27593007FECB7 /* MCSplashScene.h */ = {isa = PBXFileReference; fileEncoding = 4; lastKnownFileType = sourcecode.c.h; path = MCSplashScene.h; sourceTree = "<group>"; };
		A39FB05216B275E8007FECB7 /* Array.h */ = {isa = PBXFileReference; fileEncoding = 4; lastKnownFileType = sourcecode.c.h; path = Array.h; sourceTree = "<group>"; };
		A39FB05316B275E8007FECB7 /* Convert.h */ = {isa = PBXFileReference; fileEncoding = 4; lastKnownFileType = sourcecode.c.h; path = Convert.h; sourceTree = "<group>"; };
		A39FB05416B275E8007FECB7 /* Escaper.h */ = {isa = PBXFileReference; fileEncoding = 4; lastKnownFileType = sourcecode.c.h; path = Escaper.h; sourceTree = "<group>"; };
		A39FB05516B275E8007FECB7 /* Grammar.h */ = {isa = PBXFileReference; fileEncoding = 4; lastKnownFileType = sourcecode.c.h; path = Grammar.h; sourceTree = "<group>"; };
		A39FB05616B275E8007FECB7 /* IndentCanceller.h */ = {isa = PBXFileReference; fileEncoding = 4; lastKnownFileType = sourcecode.c.h; path = IndentCanceller.h; sourceTree = "<group>"; };
		A39FB05716B275E8007FECB7 /* Indenter.h */ = {isa = PBXFileReference; fileEncoding = 4; lastKnownFileType = sourcecode.c.h; path = Indenter.h; sourceTree = "<group>"; };
		A39FB05816B275E8007FECB7 /* Object.h */ = {isa = PBXFileReference; fileEncoding = 4; lastKnownFileType = sourcecode.c.h; path = Object.h; sourceTree = "<group>"; };
		A39FB05916B275E8007FECB7 /* OutputFilter.h */ = {isa = PBXFileReference; fileEncoding = 4; lastKnownFileType = sourcecode.c.h; path = OutputFilter.h; sourceTree = "<group>"; };
		A39FB05A16B275E8007FECB7 /* SolidusEscaper.h */ = {isa = PBXFileReference; fileEncoding = 4; lastKnownFileType = sourcecode.c.h; path = SolidusEscaper.h; sourceTree = "<group>"; };
		A39FB05B16B275E8007FECB7 /* Value.h */ = {isa = PBXFileReference; fileEncoding = 4; lastKnownFileType = sourcecode.c.h; path = Value.h; sourceTree = "<group>"; };
		A39FB05C16B275E8007FECB7 /* JsonBox.h */ = {isa = PBXFileReference; fileEncoding = 4; lastKnownFileType = sourcecode.c.h; path = JsonBox.h; sourceTree = "<group>"; };
		A39FB05E16B275E8007FECB7 /* Array.cpp */ = {isa = PBXFileReference; fileEncoding = 4; lastKnownFileType = sourcecode.cpp.cpp; path = Array.cpp; sourceTree = "<group>"; };
		A39FB05F16B275E8007FECB7 /* Convert.cpp */ = {isa = PBXFileReference; fileEncoding = 4; lastKnownFileType = sourcecode.cpp.cpp; path = Convert.cpp; sourceTree = "<group>"; };
		A39FB06016B275E8007FECB7 /* Escaper.cpp */ = {isa = PBXFileReference; fileEncoding = 4; lastKnownFileType = sourcecode.cpp.cpp; path = Escaper.cpp; sourceTree = "<group>"; };
		A39FB06116B275E8007FECB7 /* IndentCanceller.cpp */ = {isa = PBXFileReference; fileEncoding = 4; lastKnownFileType = sourcecode.cpp.cpp; path = IndentCanceller.cpp; sourceTree = "<group>"; };
		A39FB06216B275E8007FECB7 /* Indenter.cpp */ = {isa = PBXFileReference; fileEncoding = 4; lastKnownFileType = sourcecode.cpp.cpp; path = Indenter.cpp; sourceTree = "<group>"; };
		A39FB06316B275E8007FECB7 /* Object.cpp */ = {isa = PBXFileReference; fileEncoding = 4; lastKnownFileType = sourcecode.cpp.cpp; path = Object.cpp; sourceTree = "<group>"; };
		A39FB06416B275E8007FECB7 /* SolidusEscaper.cpp */ = {isa = PBXFileReference; fileEncoding = 4; lastKnownFileType = sourcecode.cpp.cpp; path = SolidusEscaper.cpp; sourceTree = "<group>"; };
		A39FB06516B275E8007FECB7 /* Value.cpp */ = {isa = PBXFileReference; fileEncoding = 4; lastKnownFileType = sourcecode.cpp.cpp; path = Value.cpp; sourceTree = "<group>"; };
		A39FB06E16B27600007FECB7 /* MCJSONModifier.cpp */ = {isa = PBXFileReference; fileEncoding = 4; lastKnownFileType = sourcecode.cpp.cpp; name = MCJSONModifier.cpp; path = ../Classes/MCJSONModifier.cpp; sourceTree = "<group>"; };
		A39FB06F16B27600007FECB7 /* MCJSONModifier.h */ = {isa = PBXFileReference; fileEncoding = 4; lastKnownFileType = sourcecode.c.h; name = MCJSONModifier.h; path = ../Classes/MCJSONModifier.h; sourceTree = "<group>"; };
		BF137426128A8E4600D9F789 /* QuartzCore.framework */ = {isa = PBXFileReference; lastKnownFileType = wrapper.framework; name = QuartzCore.framework; path = System/Library/Frameworks/QuartzCore.framework; sourceTree = SDKROOT; };
		BF23D4E3143315EB00657E08 /* AppDelegate.cpp */ = {isa = PBXFileReference; fileEncoding = 4; lastKnownFileType = sourcecode.cpp.cpp; path = AppDelegate.cpp; sourceTree = "<group>"; };
		BF23D4E4143315EB00657E08 /* AppDelegate.h */ = {isa = PBXFileReference; fileEncoding = 4; lastKnownFileType = sourcecode.c.h; path = AppDelegate.h; sourceTree = "<group>"; };
		BF365AA612A103F70050DCF4 /* AppController.h */ = {isa = PBXFileReference; fileEncoding = 4; lastKnownFileType = sourcecode.c.h; path = AppController.h; sourceTree = "<group>"; };
		BF365AA712A103F70050DCF4 /* AppController.mm */ = {isa = PBXFileReference; fileEncoding = 4; lastKnownFileType = sourcecode.cpp.objcpp; path = AppController.mm; sourceTree = "<group>"; };
		BF492B6912891AC600A09262 /* libz.dylib */ = {isa = PBXFileReference; lastKnownFileType = "compiled.mach-o.dylib"; name = libz.dylib; path = usr/lib/libz.dylib; sourceTree = SDKROOT; };
		BF492C21128924A800A09262 /* libxml2.dylib */ = {isa = PBXFileReference; lastKnownFileType = "compiled.mach-o.dylib"; name = libxml2.dylib; path = usr/lib/libxml2.dylib; sourceTree = SDKROOT; };
		BF492D4B1289302400A09262 /* OpenGLES.framework */ = {isa = PBXFileReference; lastKnownFileType = wrapper.framework; name = OpenGLES.framework; path = System/Library/Frameworks/OpenGLES.framework; sourceTree = SDKROOT; };
		BF4DE6AB138BB89600CF907D /* RootViewController.h */ = {isa = PBXFileReference; fileEncoding = 4; lastKnownFileType = sourcecode.c.h; path = RootViewController.h; sourceTree = "<group>"; };
		BF4DE6AC138BB89600CF907D /* RootViewController.mm */ = {isa = PBXFileReference; fileEncoding = 4; lastKnownFileType = sourcecode.cpp.objcpp; path = RootViewController.mm; sourceTree = "<group>"; };
		D446FD78161028E9000ADA7B /* Default.png */ = {isa = PBXFileReference; lastKnownFileType = image.png; name = Default.png; path = ../proj.ios/Default.png; sourceTree = "<group>"; };
		D446FD7A161028ED000ADA7B /* Default@2x.png */ = {isa = PBXFileReference; lastKnownFileType = image.png; name = "Default@2x.png"; path = "../proj.ios/Default@2x.png"; sourceTree = "<group>"; };
		D446FD7C161028F4000ADA7B /* Default-568h@2x.png */ = {isa = PBXFileReference; lastKnownFileType = image.png; name = "Default-568h@2x.png"; path = "../proj.ios/Default-568h@2x.png"; sourceTree = "<group>"; };
		D4ABB4B213B4395300552E6E /* main.m */ = {isa = PBXFileReference; fileEncoding = 4; lastKnownFileType = sourcecode.c.objc; path = main.m; sourceTree = "<group>"; };
		D4EF94E715BD319200D803EB /* Icon-57.png */ = {isa = PBXFileReference; lastKnownFileType = image.png; name = "Icon-57.png"; path = "../proj.ios/Icon-57.png"; sourceTree = "<group>"; };
		D4EF94E915BD319500D803EB /* Icon-114.png */ = {isa = PBXFileReference; lastKnownFileType = image.png; name = "Icon-114.png"; path = "../proj.ios/Icon-114.png"; sourceTree = "<group>"; };
		D4EF94EB15BD319B00D803EB /* Icon-72.png */ = {isa = PBXFileReference; lastKnownFileType = image.png; name = "Icon-72.png"; path = "../proj.ios/Icon-72.png"; sourceTree = "<group>"; };
		D4EF94ED15BD319D00D803EB /* Icon-144.png */ = {isa = PBXFileReference; lastKnownFileType = image.png; name = "Icon-144.png"; path = "../proj.ios/Icon-144.png"; sourceTree = "<group>"; };
/* End PBXFileReference section */

/* Begin PBXFrameworksBuildPhase section */
		1D60588F0D05DD3D006BFB54 /* Frameworks */ = {
			isa = PBXFrameworksBuildPhase;
			buildActionMask = 2147483647;
			files = (
				A33BB896169E968000196286 /* AudioToolbox.framework in Frameworks */,
				A33BB894169E965F00196286 /* AVFoundation.framework in Frameworks */,
				A33BB895169E966600196286 /* OpenAL.framework in Frameworks */,
				A33BB87D169E91D900196286 /* libcocos2dx.a in Frameworks */,
				1D60589F0D05DD5A006BFB54 /* Foundation.framework in Frameworks */,
				1DF5F4E00D08C38300B7A737 /* UIKit.framework in Frameworks */,
				288765A50DF7441C002DB57D /* CoreGraphics.framework in Frameworks */,
				BF1373EF128A898400D9F789 /* OpenGLES.framework in Frameworks */,
				BF1373F0128A899500D9F789 /* libxml2.dylib in Frameworks */,
				BF1373F1128A899E00D9F789 /* libz.dylib in Frameworks */,
				BF13742F128A8E6A00D9F789 /* QuartzCore.framework in Frameworks */,
				A33BB970169E978D00196286 /* libcurl.a in Frameworks */,
			);
			runOnlyForDeploymentPostprocessing = 0;
		};
/* End PBXFrameworksBuildPhase section */

/* Begin PBXGroup section */
		19C28FACFE9D520D11CA2CBB /* Products */ = {
			isa = PBXGroup;
			children = (
				1D6058910D05DD3D006BFB54 /* Military Confrontation.app */,
			);
			name = Products;
			sourceTree = "<group>";
		};
		29B97314FDCFA39411CA2CEA /* CustomTemplate */ = {
			isa = PBXGroup;
			children = (
				A33BB872169E915A00196286 /* cocos2dx.xcodeproj */,
				BF23D4E2143315EB00657E08 /* Classes */,
				A33BB881169E937E00196286 /* CocosDenshion */,
				A33BB8B9169E96B200196286 /* extensions */,
				A39FB04F16B275C4007FECB7 /* JSON */,
				29B97323FDCFA39411CA2CEA /* Frameworks */,
				BF5681CC1313A84D0055EEAC /* ios */,
				19C28FACFE9D520D11CA2CBB /* Products */,
				784521C214EBA449009D533B /* Resources */,
			);
			name = CustomTemplate;
			sourceTree = "<group>";
		};
		29B97323FDCFA39411CA2CEA /* Frameworks */ = {
			isa = PBXGroup;
			children = (
				BF492B6912891AC600A09262 /* libz.dylib */,
				BF137426128A8E4600D9F789 /* QuartzCore.framework */,
				BF492D4B1289302400A09262 /* OpenGLES.framework */,
				BF492C21128924A800A09262 /* libxml2.dylib */,
				1DF5F4DF0D08C38300B7A737 /* UIKit.framework */,
				1D30AB110D05D00D00671497 /* Foundation.framework */,
				288765A40DF7441C002DB57D /* CoreGraphics.framework */,
				781C33B11547F06B00633F88 /* OpenAL.framework */,
				781C33B31547F06B00633F88 /* AudioToolbox.framework */,
				781C33B51547F06B00633F88 /* AVFoundation.framework */,
				A33BB96F169E978D00196286 /* libcurl.a */,
			);
			name = Frameworks;
			sourceTree = "<group>";
		};
		784521C214EBA449009D533B /* Resources */ = {
			isa = PBXGroup;
			children = (
				1A1CF3671626CEFF00AFC938 /* ipad */,
				1A1CF3681626CEFF00AFC938 /* ipadhd */,
				15003FA215D2601D00B6775A /* iphone */,
				D4EF94ED15BD319D00D803EB /* Icon-144.png */,
				D4EF94EB15BD319B00D803EB /* Icon-72.png */,
				D4EF94E915BD319500D803EB /* Icon-114.png */,
				D4EF94E715BD319200D803EB /* Icon-57.png */,
				D446FD7C161028F4000ADA7B /* Default-568h@2x.png */,
				D446FD7A161028ED000ADA7B /* Default@2x.png */,
				D446FD78161028E9000ADA7B /* Default.png */,
			);
			name = Resources;
			path = ../Resources;
			sourceTree = "<group>";
		};
		A33BB873169E915A00196286 /* Products */ = {
			isa = PBXGroup;
			children = (
				A33BB87A169E915A00196286 /* libcocos2dx.a */,
			);
			name = Products;
			sourceTree = "<group>";
		};
		A33BB881169E937E00196286 /* CocosDenshion */ = {
			isa = PBXGroup;
			children = (
				A33BB891169E938600196286 /* include */,
				A33BB882169E937E00196286 /* CDAudioManager.h */,
				A33BB883169E937E00196286 /* CDAudioManager.m */,
				A33BB884169E937E00196286 /* CDConfig.h */,
				A33BB885169E937E00196286 /* CDOpenALSupport.h */,
				A33BB886169E937E00196286 /* CDOpenALSupport.m */,
				A33BB887169E937E00196286 /* CocosDenshion.h */,
				A33BB888169E937E00196286 /* CocosDenshion.m */,
				A33BB889169E937E00196286 /* SimpleAudioEngine.mm */,
				A33BB88A169E937E00196286 /* SimpleAudioEngine_objc.h */,
				A33BB88B169E937E00196286 /* SimpleAudioEngine_objc.m */,
			);
			name = CocosDenshion;
			path = ../../library/CocosDenshion/ios;
			sourceTree = "<group>";
		};
		A33BB891169E938600196286 /* include */ = {
			isa = PBXGroup;
			children = (
				A33BB892169E938600196286 /* Export.h */,
				A33BB893169E938600196286 /* SimpleAudioEngine.h */,
			);
			name = include;
			path = ../include;
			sourceTree = "<group>";
		};
		A33BB8B9169E96B200196286 /* extensions */ = {
			isa = PBXGroup;
			children = (
				A33BB8BA169E96B200196286 /* Android.mk */,
				A33BB8BB169E96B200196286 /* CCBReader */,
				A33BB8F0169E96B200196286 /* cocos-ext.h */,
				A33BB8F1169E96B200196286 /* ExtensionMacros.h */,
				A33BB8F2169E96B200196286 /* GUI */,
				A33BB920169E96B200196286 /* network */,
				A33BB925169E96B200196286 /* physics_nodes */,
			);
			name = extensions;
			path = ../../library/extensions;
			sourceTree = "<group>";
		};
		A33BB8BB169E96B200196286 /* CCBReader */ = {
			isa = PBXGroup;
			children = (
				A33BB8BC169E96B200196286 /* CCBAnimationManager.cpp */,
				A33BB8BD169E96B200196286 /* CCBAnimationManager.h */,
				A33BB8BE169E96B200196286 /* CCBFileLoader.cpp */,
				A33BB8BF169E96B200196286 /* CCBFileLoader.h */,
				A33BB8C0169E96B200196286 /* CCBKeyframe.cpp */,
				A33BB8C1169E96B200196286 /* CCBKeyframe.h */,
				A33BB8C2169E96B200196286 /* CCBMemberVariableAssigner.h */,
				A33BB8C3169E96B200196286 /* CCBReader.cpp */,
				A33BB8C4169E96B200196286 /* CCBReader.h */,
				A33BB8C5169E96B200196286 /* CCBSelectorResolver.h */,
				A33BB8C6169E96B200196286 /* CCBSequence.cpp */,
				A33BB8C7169E96B200196286 /* CCBSequence.h */,
				A33BB8C8169E96B200196286 /* CCBSequenceProperty.cpp */,
				A33BB8C9169E96B200196286 /* CCBSequenceProperty.h */,
				A33BB8CA169E96B200196286 /* CCBValue.cpp */,
				A33BB8CB169E96B200196286 /* CCBValue.h */,
				A33BB8CC169E96B200196286 /* CCControlButtonLoader.cpp */,
				A33BB8CD169E96B200196286 /* CCControlButtonLoader.h */,
				A33BB8CE169E96B200196286 /* CCControlLoader.cpp */,
				A33BB8CF169E96B200196286 /* CCControlLoader.h */,
				A33BB8D0169E96B200196286 /* CCData.cpp */,
				A33BB8D1169E96B200196286 /* CCData.h */,
				A33BB8D2169E96B200196286 /* CCLabelBMFontLoader.cpp */,
				A33BB8D3169E96B200196286 /* CCLabelBMFontLoader.h */,
				A33BB8D4169E96B200196286 /* CCLabelTTFLoader.cpp */,
				A33BB8D5169E96B200196286 /* CCLabelTTFLoader.h */,
				A33BB8D6169E96B200196286 /* CCLayerColorLoader.cpp */,
				A33BB8D7169E96B200196286 /* CCLayerColorLoader.h */,
				A33BB8D8169E96B200196286 /* CCLayerGradientLoader.cpp */,
				A33BB8D9169E96B200196286 /* CCLayerGradientLoader.h */,
				A33BB8DA169E96B200196286 /* CCLayerLoader.cpp */,
				A33BB8DB169E96B200196286 /* CCLayerLoader.h */,
				A33BB8DC169E96B200196286 /* CCMenuItemImageLoader.cpp */,
				A33BB8DD169E96B200196286 /* CCMenuItemImageLoader.h */,
				A33BB8DE169E96B200196286 /* CCMenuItemLoader.cpp */,
				A33BB8DF169E96B200196286 /* CCMenuItemLoader.h */,
				A33BB8E0169E96B200196286 /* CCMenuLoader.h */,
				A33BB8E1169E96B200196286 /* CCNode+CCBRelativePositioning.cpp */,
				A33BB8E2169E96B200196286 /* CCNode+CCBRelativePositioning.h */,
				A33BB8E3169E96B200196286 /* CCNodeLoader.cpp */,
				A33BB8E4169E96B200196286 /* CCNodeLoader.h */,
				A33BB8E5169E96B200196286 /* CCNodeLoaderLibrary.cpp */,
				A33BB8E6169E96B200196286 /* CCNodeLoaderLibrary.h */,
				A33BB8E7169E96B200196286 /* CCNodeLoaderListener.h */,
				A33BB8E8169E96B200196286 /* CCParticleSystemQuadLoader.cpp */,
				A33BB8E9169E96B200196286 /* CCParticleSystemQuadLoader.h */,
				A33BB8EA169E96B200196286 /* CCScale9SpriteLoader.cpp */,
				A33BB8EB169E96B200196286 /* CCScale9SpriteLoader.h */,
				A33BB8EC169E96B200196286 /* CCScrollViewLoader.cpp */,
				A33BB8ED169E96B200196286 /* CCScrollViewLoader.h */,
				A33BB8EE169E96B200196286 /* CCSpriteLoader.cpp */,
				A33BB8EF169E96B200196286 /* CCSpriteLoader.h */,
			);
			path = CCBReader;
			sourceTree = "<group>";
		};
		A33BB8F2169E96B200196286 /* GUI */ = {
			isa = PBXGroup;
			children = (
				A33BB8F3169E96B200196286 /* CCControlExtension */,
				A33BB90D169E96B200196286 /* CCEditBox */,
				A33BB917169E96B200196286 /* CCScrollView */,
			);
			path = GUI;
			sourceTree = "<group>";
		};
		A33BB8F3169E96B200196286 /* CCControlExtension */ = {
			isa = PBXGroup;
			children = (
				A33BB8F4169E96B200196286 /* CCControl.cpp */,
				A33BB8F5169E96B200196286 /* CCControl.h */,
				A33BB8F6169E96B200196286 /* CCControlButton.cpp */,
				A33BB8F7169E96B200196286 /* CCControlButton.h */,
				A33BB8F8169E96B200196286 /* CCControlColourPicker.cpp */,
				A33BB8F9169E96B200196286 /* CCControlColourPicker.h */,
				A33BB8FA169E96B200196286 /* CCControlExtensions.h */,
				A33BB8FB169E96B200196286 /* CCControlHuePicker.cpp */,
				A33BB8FC169E96B200196286 /* CCControlHuePicker.h */,
				A33BB8FD169E96B200196286 /* CCControlPotentiometer.cpp */,
				A33BB8FE169E96B200196286 /* CCControlPotentiometer.h */,
				A33BB8FF169E96B200196286 /* CCControlSaturationBrightnessPicker.cpp */,
				A33BB900169E96B200196286 /* CCControlSaturationBrightnessPicker.h */,
				A33BB901169E96B200196286 /* CCControlSlider.cpp */,
				A33BB902169E96B200196286 /* CCControlSlider.h */,
				A33BB903169E96B200196286 /* CCControlStepper.cpp */,
				A33BB904169E96B200196286 /* CCControlStepper.h */,
				A33BB905169E96B200196286 /* CCControlSwitch.cpp */,
				A33BB906169E96B200196286 /* CCControlSwitch.h */,
				A33BB907169E96B200196286 /* CCControlUtils.cpp */,
				A33BB908169E96B200196286 /* CCControlUtils.h */,
				A33BB909169E96B200196286 /* CCInvocation.cpp */,
				A33BB90A169E96B200196286 /* CCInvocation.h */,
				A33BB90B169E96B200196286 /* CCScale9Sprite.cpp */,
				A33BB90C169E96B200196286 /* CCScale9Sprite.h */,
			);
			path = CCControlExtension;
			sourceTree = "<group>";
		};
		A33BB90D169E96B200196286 /* CCEditBox */ = {
			isa = PBXGroup;
			children = (
				A33BB90E169E96B200196286 /* CCEditBox.cpp */,
				A33BB90F169E96B200196286 /* CCEditBox.h */,
				A33BB910169E96B200196286 /* CCEditBoxImpl.h */,
				A33BB913169E96B200196286 /* CCEditBoxImplIOS.h */,
				A33BB914169E96B200196286 /* CCEditBoxImplIOS.mm */,
				A33BB915169E96B200196286 /* EditBoxImplIOS.h */,
				A33BB916169E96B200196286 /* EditBoxImplIOS.mm */,
			);
			path = CCEditBox;
			sourceTree = "<group>";
		};
		A33BB917169E96B200196286 /* CCScrollView */ = {
			isa = PBXGroup;
			children = (
				A33BB918169E96B200196286 /* CCScrollView.cpp */,
				A33BB919169E96B200196286 /* CCScrollView.h */,
				A33BB91A169E96B200196286 /* CCSorting.cpp */,
				A33BB91B169E96B200196286 /* CCSorting.h */,
				A33BB91C169E96B200196286 /* CCTableView.cpp */,
				A33BB91D169E96B200196286 /* CCTableView.h */,
				A33BB91E169E96B200196286 /* CCTableViewCell.cpp */,
				A33BB91F169E96B200196286 /* CCTableViewCell.h */,
			);
			path = CCScrollView;
			sourceTree = "<group>";
		};
		A33BB920169E96B200196286 /* network */ = {
			isa = PBXGroup;
			children = (
				A33BB921169E96B200196286 /* HttpClient.cpp */,
				A33BB922169E96B200196286 /* HttpClient.h */,
				A33BB923169E96B200196286 /* HttpRequest.h */,
				A33BB924169E96B200196286 /* HttpResponse.h */,
			);
			path = network;
			sourceTree = "<group>";
		};
		A33BB925169E96B200196286 /* physics_nodes */ = {
			isa = PBXGroup;
			children = (
				A33BB926169E96B200196286 /* CCPhysicsDebugNode.cpp */,
				A33BB927169E96B200196286 /* CCPhysicsDebugNode.h */,
				A33BB928169E96B200196286 /* CCPhysicsSprite.cpp */,
				A33BB929169E96B200196286 /* CCPhysicsSprite.h */,
			);
			path = physics_nodes;
			sourceTree = "<group>";
		};
		A38D11CB16B81C6C009E1CB8 /* Utils */ = {
			isa = PBXGroup;
			children = (
				A38D11CC16B81C74009E1CB8 /* Base64 */,
				A39FB00616B27417007FECB7 /* Geometry */,
			);
			name = Utils;
			sourceTree = "<group>";
		};
		A38D11CC16B81C74009E1CB8 /* Base64 */ = {
			isa = PBXGroup;
			children = (
				A38D11CD16B81C8C009E1CB8 /* MCBase64.cpp */,
				A38D11CE16B81C8C009E1CB8 /* MCBase64.h */,
			);
			name = Base64;
			sourceTree = "<group>";
		};
		A38D11D016B81CA5009E1CB8 /* UI */ = {
			isa = PBXGroup;
			children = (
			);
			name = UI;
			sourceTree = "<group>";
		};
		A38D11D716B81CE3009E1CB8 /* Detail */ = {
			isa = PBXGroup;
			children = (
				A38D11D816B81CF8009E1CB8 /* MCDetailScene.cpp */,
				A38D11D916B81CF8009E1CB8 /* MCDetailScene.h */,
			);
			name = Detail;
			sourceTree = "<group>";
		};
		A39C947116AEE09A00B92E33 /* Misc */ = {
			isa = PBXGroup;
			children = (
				1A1CF3661626CB6000AFC938 /* AppMacros.h */,
				BF23D4E3143315EB00657E08 /* AppDelegate.cpp */,
				BF23D4E4143315EB00657E08 /* AppDelegate.h */,
				A39C948216AEE11800B92E33 /* MCType.h */,
				A39C947F16AEE11800B92E33 /* MCObject.h */,
			);
			name = Misc;
			sourceTree = "<group>";
		};
		A39C947216AEE0A000B92E33 /* Test */ = {
			isa = PBXGroup;
			children = (
				A39C948A16AEE13800B92E33 /* MCTestScene.cpp */,
				A39C948B16AEE13800B92E33 /* MCTestScene.h */,
				A39FB01316B2746C007FECB7 /* MCTestControllerScene.cpp */,
				A39FB01416B2746C007FECB7 /* MCTestControllerScene.h */,
			);
			name = Test;
			sourceTree = "<group>";
		};
		A39C947316AEE0A800B92E33 /* System */ = {
			isa = PBXGroup;
			children = (
				A39C947916AEE11800B92E33 /* MCDungeonMaster.cpp */,
				A39C947A16AEE11800B92E33 /* MCDungeonMaster.h */,
				A39FB01C16B274D7007FECB7 /* Items */,
				A39C947416AEE0B200B92E33 /* Role */,
				A39C947616AEE0C900B92E33 /* Dice */,
				A39C947516AEE0B700B92E33 /* Battle Subsystem */,
			);
			name = System;
			sourceTree = "<group>";
		};
		A39C947416AEE0B200B92E33 /* Role */ = {
			isa = PBXGroup;
			children = (
				A39C948016AEE11800B92E33 /* MCRole.cpp */,
				A39C948116AEE11800B92E33 /* MCRole.h */,
			);
			name = Role;
			sourceTree = "<group>";
		};
		A39C947516AEE0B700B92E33 /* Battle Subsystem */ = {
			isa = PBXGroup;
			children = (
				A39C947716AEE11800B92E33 /* MCBattle.cpp */,
				A39C947816AEE11800B92E33 /* MCBattle.h */,
				A39C947B16AEE11800B92E33 /* MCMutiplayerBattleImpl.cpp */,
				A39C947C16AEE11800B92E33 /* MCMutiplayerBattleImpl.h */,
				A39C947D16AEE11800B92E33 /* MCNormalBattleImpl.cpp */,
				A39C947E16AEE11800B92E33 /* MCNormalBattleImpl.h */,
			);
			name = "Battle Subsystem";
			sourceTree = "<group>";
		};
		A39C947616AEE0C900B92E33 /* Dice */ = {
			isa = PBXGroup;
			children = (
				A39C948816AEE13800B92E33 /* MCDice.cpp */,
				A39C948916AEE13800B92E33 /* MCDice.h */,
			);
			name = Dice;
			sourceTree = "<group>";
		};
		A39FB00616B27417007FECB7 /* Geometry */ = {
			isa = PBXGroup;
			children = (
				A39FB00D16B2745D007FECB7 /* MCGeometry.cpp */,
				A39FB00E16B2745D007FECB7 /* MCGeometry.h */,
				A39FB00F16B2745D007FECB7 /* MCPointExtension.cpp */,
				A39FB01016B2745D007FECB7 /* MCPointExtension.h */,
			);
			name = Geometry;
			sourceTree = "<group>";
		};
		A39FB01616B27477007FECB7 /* Scene */ = {
			isa = PBXGroup;
			children = (
				A39FB03716B27593007FECB7 /* MCGameScene.cpp */,
				A39FB03816B27593007FECB7 /* MCGameScene.h */,
				A39FB03916B27593007FECB7 /* MCMainMenuScene.cpp */,
				A39FB03A16B27593007FECB7 /* MCMainMenuScene.h */,
				A38D11D416B81CD6009E1CB8 /* MCSceneManager.cpp */,
				A38D11D516B81CD6009E1CB8 /* MCSceneManager.h */,
				A39FB03D16B27593007FECB7 /* MCScenePackage.cpp */,
				A39FB03E16B27593007FECB7 /* MCScenePackage.h */,
				A39FB03F16B27593007FECB7 /* MCSplashScene.cpp */,
				A39FB04016B27593007FECB7 /* MCSplashScene.h */,
				A38D11D716B81CE3009E1CB8 /* Detail */,
			);
			name = Scene;
			sourceTree = "<group>";
		};
		A39FB01716B2748B007FECB7 /* Script */ = {
			isa = PBXGroup;
			children = (
				A39FB03416B2757A007FECB7 /* MCScript.cpp */,
				A39FB03516B2757A007FECB7 /* MCScript.h */,
			);
			name = Script;
			sourceTree = "<group>";
		};
		A39FB01816B2749C007FECB7 /* Controller */ = {
			isa = PBXGroup;
			children = (
				A39FB03016B27566007FECB7 /* MCControllerLayer.cpp */,
				A39FB03116B27566007FECB7 /* MCControllerLayer.h */,
				A39FB02E16B27566007FECB7 /* MCControllerDelegate.cpp */,
				A39FB02F16B27566007FECB7 /* MCControllerDelegate.h */,
				A39FB01916B274A4007FECB7 /* PC OS */,
				A39FB01A16B274AC007FECB7 /* Mobile OS */,
			);
			name = Controller;
			sourceTree = "<group>";
		};
		A39FB01916B274A4007FECB7 /* PC OS */ = {
			isa = PBXGroup;
			children = (
				A39FB01B16B274B7007FECB7 /* Mac OS X */,
			);
			name = "PC OS";
			sourceTree = "<group>";
		};
		A39FB01A16B274AC007FECB7 /* Mobile OS */ = {
			isa = PBXGroup;
			children = (
				A39FB02216B2752E007FECB7 /* MCJoypad.cpp */,
				A39FB02316B2752E007FECB7 /* MCJoypad.h */,
				A39FB02416B2752E007FECB7 /* MCJoystick.cpp */,
				A39FB02516B2752E007FECB7 /* MCJoystick.h */,
			);
			name = "Mobile OS";
			sourceTree = "<group>";
		};
		A39FB01B16B274B7007FECB7 /* Mac OS X */ = {
			isa = PBXGroup;
			children = (
			);
			name = "Mac OS X";
			sourceTree = "<group>";
		};
		A39FB01C16B274D7007FECB7 /* Items */ = {
			isa = PBXGroup;
			children = (
				A39FB01F16B27512007FECB7 /* MCItem.cpp */,
				A39FB02016B27512007FECB7 /* MCItem.h */,
				A39FB01E16B274F9007FECB7 /* Equipment */,
			);
			name = Items;
			sourceTree = "<group>";
		};
		A39FB01E16B274F9007FECB7 /* Equipment */ = {
			isa = PBXGroup;
			children = (
			);
			name = Equipment;
			sourceTree = "<group>";
		};
		A39FB04F16B275C4007FECB7 /* JSON */ = {
			isa = PBXGroup;
			children = (
				A39FB05016B275E8007FECB7 /* include */,
				A39FB05D16B275E8007FECB7 /* src */,
				A39FB06E16B27600007FECB7 /* MCJSONModifier.cpp */,
				A39FB06F16B27600007FECB7 /* MCJSONModifier.h */,
			);
			name = JSON;
			sourceTree = "<group>";
		};
		A39FB05016B275E8007FECB7 /* include */ = {
			isa = PBXGroup;
			children = (
				A39FB05116B275E8007FECB7 /* JsonBox */,
				A39FB05C16B275E8007FECB7 /* JsonBox.h */,
			);
			name = include;
			path = ../Classes/JSON/include;
			sourceTree = "<group>";
		};
		A39FB05116B275E8007FECB7 /* JsonBox */ = {
			isa = PBXGroup;
			children = (
				A39FB05216B275E8007FECB7 /* Array.h */,
				A39FB05316B275E8007FECB7 /* Convert.h */,
				A39FB05416B275E8007FECB7 /* Escaper.h */,
				A39FB05516B275E8007FECB7 /* Grammar.h */,
				A39FB05616B275E8007FECB7 /* IndentCanceller.h */,
				A39FB05716B275E8007FECB7 /* Indenter.h */,
				A39FB05816B275E8007FECB7 /* Object.h */,
				A39FB05916B275E8007FECB7 /* OutputFilter.h */,
				A39FB05A16B275E8007FECB7 /* SolidusEscaper.h */,
				A39FB05B16B275E8007FECB7 /* Value.h */,
			);
			path = JsonBox;
			sourceTree = "<group>";
		};
		A39FB05D16B275E8007FECB7 /* src */ = {
			isa = PBXGroup;
			children = (
				A39FB05E16B275E8007FECB7 /* Array.cpp */,
				A39FB05F16B275E8007FECB7 /* Convert.cpp */,
				A39FB06016B275E8007FECB7 /* Escaper.cpp */,
				A39FB06116B275E8007FECB7 /* IndentCanceller.cpp */,
				A39FB06216B275E8007FECB7 /* Indenter.cpp */,
				A39FB06316B275E8007FECB7 /* Object.cpp */,
				A39FB06416B275E8007FECB7 /* SolidusEscaper.cpp */,
				A39FB06516B275E8007FECB7 /* Value.cpp */,
			);
			name = src;
			path = ../Classes/JSON/src;
			sourceTree = "<group>";
		};
		BF23D4E2143315EB00657E08 /* Classes */ = {
			isa = PBXGroup;
			children = (
				A39C947116AEE09A00B92E33 /* Misc */,
				A38D11CB16B81C6C009E1CB8 /* Utils */,
				A39C947216AEE0A000B92E33 /* Test */,
				A38D11D016B81CA5009E1CB8 /* UI */,
				A38D11D116B81CB9009E1CB8 /* MCDialog.cpp */,
				A38D11D216B81CB9009E1CB8 /* MCDialog.h */,
				A39FB01616B27477007FECB7 /* Scene */,
				A39FB01716B2748B007FECB7 /* Script */,
				A39FB01816B2749C007FECB7 /* Controller */,
				A39C947316AEE0A800B92E33 /* System */,
			);
			name = Classes;
			path = ../Classes;
			sourceTree = SOURCE_ROOT;
		};
		BF5681CC1313A84D0055EEAC /* ios */ = {
			isa = PBXGroup;
			children = (
				A33BB87E169E920500196286 /* Military Confrontation_Prefix.pch */,
				A33BB87F169E920500196286 /* Military Confrontation-Info.plist */,
				D4ABB4B213B4395300552E6E /* main.m */,
				BF365AA612A103F70050DCF4 /* AppController.h */,
				BF365AA712A103F70050DCF4 /* AppController.mm */,
				BF4DE6AB138BB89600CF907D /* RootViewController.h */,
				BF4DE6AC138BB89600CF907D /* RootViewController.mm */,
			);
			name = ios;
			sourceTree = "<group>";
		};
/* End PBXGroup section */

/* Begin PBXNativeTarget section */
		1D6058900D05DD3D006BFB54 /* Military Confrontation */ = {
			isa = PBXNativeTarget;
			buildConfigurationList = 1D6058960D05DD3E006BFB54 /* Build configuration list for PBXNativeTarget "Military Confrontation" */;
			buildPhases = (
				1D60588D0D05DD3D006BFB54 /* Resources */,
				1D60588E0D05DD3D006BFB54 /* Sources */,
				1D60588F0D05DD3D006BFB54 /* Frameworks */,
			);
			buildRules = (
			);
			dependencies = (
				A33BB87C169E91D200196286 /* PBXTargetDependency */,
			);
			name = "Military Confrontation";
			productName = HelloWorld;
			productReference = 1D6058910D05DD3D006BFB54 /* Military Confrontation.app */;
			productType = "com.apple.product-type.application";
		};
/* End PBXNativeTarget section */

/* Begin PBXProject section */
		29B97313FDCFA39411CA2CEA /* Project object */ = {
			isa = PBXProject;
			attributes = {
				LastUpgradeCheck = 0450;
			};
			buildConfigurationList = C01FCF4E08A954540054247B /* Build configuration list for PBXProject "Military Confrontation" */;
			compatibilityVersion = "Xcode 3.2";
			developmentRegion = English;
			hasScannedForEncodings = 1;
			knownRegions = (
				English,
				Japanese,
				French,
				German,
			);
			mainGroup = 29B97314FDCFA39411CA2CEA /* CustomTemplate */;
			projectDirPath = "";
			projectReferences = (
				{
					ProductGroup = A33BB873169E915A00196286 /* Products */;
					ProjectRef = A33BB872169E915A00196286 /* cocos2dx.xcodeproj */;
				},
			);
			projectRoot = "";
			targets = (
				1D6058900D05DD3D006BFB54 /* Military Confrontation */,
			);
		};
/* End PBXProject section */

/* Begin PBXReferenceProxy section */
		A33BB87A169E915A00196286 /* libcocos2dx.a */ = {
			isa = PBXReferenceProxy;
			fileType = archive.ar;
			path = libcocos2dx.a;
			remoteRef = A33BB879169E915A00196286 /* PBXContainerItemProxy */;
			sourceTree = BUILT_PRODUCTS_DIR;
		};
/* End PBXReferenceProxy section */

/* Begin PBXResourcesBuildPhase section */
		1D60588D0D05DD3D006BFB54 /* Resources */ = {
			isa = PBXResourcesBuildPhase;
			buildActionMask = 2147483647;
			files = (
				D4EF94E815BD319200D803EB /* Icon-57.png in Resources */,
				D4EF94EA15BD319500D803EB /* Icon-114.png in Resources */,
				D4EF94EC15BD319B00D803EB /* Icon-72.png in Resources */,
				D4EF94EE15BD319D00D803EB /* Icon-144.png in Resources */,
				15003FA315D2601D00B6775A /* iphone in Resources */,
				D446FD79161028E9000ADA7B /* Default.png in Resources */,
				D446FD7B161028ED000ADA7B /* Default@2x.png in Resources */,
				D446FD7D161028F4000ADA7B /* Default-568h@2x.png in Resources */,
				1A1CF3691626CEFF00AFC938 /* ipad in Resources */,
				1A1CF36A1626CEFF00AFC938 /* ipadhd in Resources */,
				A33BB936169E96B200196286 /* Android.mk in Resources */,
			);
			runOnlyForDeploymentPostprocessing = 0;
		};
/* End PBXResourcesBuildPhase section */

/* Begin PBXSourcesBuildPhase section */
		1D60588E0D05DD3D006BFB54 /* Sources */ = {
			isa = PBXSourcesBuildPhase;
			buildActionMask = 2147483647;
			files = (
				BF365AA812A103F70050DCF4 /* AppController.mm in Sources */,
				BF4DE6AD138BB89600CF907D /* RootViewController.mm in Sources */,
				D4ABB4B313B4395300552E6E /* main.m in Sources */,
				BF23D4E7143315EB00657E08 /* AppDelegate.cpp in Sources */,
				A33BB88C169E937E00196286 /* CDAudioManager.m in Sources */,
				A33BB88D169E937E00196286 /* CDOpenALSupport.m in Sources */,
				A33BB88E169E937E00196286 /* CocosDenshion.m in Sources */,
				A33BB88F169E937E00196286 /* SimpleAudioEngine.mm in Sources */,
				A33BB890169E937E00196286 /* SimpleAudioEngine_objc.m in Sources */,
				A33BB937169E96B200196286 /* CCBAnimationManager.cpp in Sources */,
				A33BB938169E96B200196286 /* CCBFileLoader.cpp in Sources */,
				A33BB939169E96B200196286 /* CCBKeyframe.cpp in Sources */,
				A33BB93A169E96B200196286 /* CCBReader.cpp in Sources */,
				A33BB93B169E96B200196286 /* CCBSequence.cpp in Sources */,
				A33BB93C169E96B200196286 /* CCBSequenceProperty.cpp in Sources */,
				A33BB93D169E96B200196286 /* CCBValue.cpp in Sources */,
				A33BB93E169E96B200196286 /* CCControlButtonLoader.cpp in Sources */,
				A33BB93F169E96B200196286 /* CCControlLoader.cpp in Sources */,
				A33BB940169E96B200196286 /* CCData.cpp in Sources */,
				A33BB941169E96B200196286 /* CCLabelBMFontLoader.cpp in Sources */,
				A33BB942169E96B200196286 /* CCLabelTTFLoader.cpp in Sources */,
				A33BB943169E96B200196286 /* CCLayerColorLoader.cpp in Sources */,
				A33BB944169E96B200196286 /* CCLayerGradientLoader.cpp in Sources */,
				A33BB945169E96B200196286 /* CCLayerLoader.cpp in Sources */,
				A33BB946169E96B200196286 /* CCMenuItemImageLoader.cpp in Sources */,
				A33BB947169E96B200196286 /* CCMenuItemLoader.cpp in Sources */,
				A33BB948169E96B200196286 /* CCNode+CCBRelativePositioning.cpp in Sources */,
				A33BB949169E96B200196286 /* CCNodeLoader.cpp in Sources */,
				A33BB94A169E96B200196286 /* CCNodeLoaderLibrary.cpp in Sources */,
				A33BB94B169E96B200196286 /* CCParticleSystemQuadLoader.cpp in Sources */,
				A33BB94C169E96B200196286 /* CCScale9SpriteLoader.cpp in Sources */,
				A33BB94D169E96B200196286 /* CCScrollViewLoader.cpp in Sources */,
				A33BB94E169E96B200196286 /* CCSpriteLoader.cpp in Sources */,
				A33BB94F169E96B200196286 /* CCControl.cpp in Sources */,
				A33BB950169E96B200196286 /* CCControlButton.cpp in Sources */,
				A33BB951169E96B200196286 /* CCControlColourPicker.cpp in Sources */,
				A33BB952169E96B200196286 /* CCControlHuePicker.cpp in Sources */,
				A33BB953169E96B200196286 /* CCControlPotentiometer.cpp in Sources */,
				A33BB954169E96B200196286 /* CCControlSaturationBrightnessPicker.cpp in Sources */,
				A33BB955169E96B200196286 /* CCControlSlider.cpp in Sources */,
				A33BB956169E96B200196286 /* CCControlStepper.cpp in Sources */,
				A33BB957169E96B200196286 /* CCControlSwitch.cpp in Sources */,
				A33BB958169E96B200196286 /* CCControlUtils.cpp in Sources */,
				A33BB959169E96B200196286 /* CCInvocation.cpp in Sources */,
				A33BB95A169E96B200196286 /* CCScale9Sprite.cpp in Sources */,
				A33BB95B169E96B200196286 /* CCEditBox.cpp in Sources */,
				A33BB95D169E96B200196286 /* CCEditBoxImplIOS.mm in Sources */,
				A33BB95E169E96B200196286 /* EditBoxImplIOS.mm in Sources */,
				A33BB95F169E96B200196286 /* CCScrollView.cpp in Sources */,
				A33BB960169E96B200196286 /* CCSorting.cpp in Sources */,
				A33BB961169E96B200196286 /* CCTableView.cpp in Sources */,
				A33BB962169E96B200196286 /* CCTableViewCell.cpp in Sources */,
				A33BB963169E96B200196286 /* HttpClient.cpp in Sources */,
				A33BB964169E96B200196286 /* CCPhysicsDebugNode.cpp in Sources */,
				A33BB965169E96B200196286 /* CCPhysicsSprite.cpp in Sources */,
				A39C948316AEE11800B92E33 /* MCBattle.cpp in Sources */,
				A39C948416AEE11800B92E33 /* MCDungeonMaster.cpp in Sources */,
				A39C948516AEE11800B92E33 /* MCMutiplayerBattleImpl.cpp in Sources */,
				A39C948616AEE11800B92E33 /* MCNormalBattleImpl.cpp in Sources */,
				A39C948716AEE11800B92E33 /* MCRole.cpp in Sources */,
				A39C948C16AEE13800B92E33 /* MCDice.cpp in Sources */,
				A39C948D16AEE13800B92E33 /* MCTestScene.cpp in Sources */,
				A39FB01116B2745D007FECB7 /* MCGeometry.cpp in Sources */,
				A39FB01216B2745D007FECB7 /* MCPointExtension.cpp in Sources */,
				A39FB01516B2746C007FECB7 /* MCTestControllerScene.cpp in Sources */,
				A39FB02116B27512007FECB7 /* MCItem.cpp in Sources */,
				A39FB02616B2752E007FECB7 /* MCJoypad.cpp in Sources */,
				A39FB02716B2752E007FECB7 /* MCJoystick.cpp in Sources */,
				A39FB03216B27566007FECB7 /* MCControllerDelegate.cpp in Sources */,
				A39FB03316B27566007FECB7 /* MCControllerLayer.cpp in Sources */,
				A39FB03616B2757A007FECB7 /* MCScript.cpp in Sources */,
				A39FB04116B27593007FECB7 /* MCGameScene.cpp in Sources */,
				A39FB04216B27593007FECB7 /* MCMainMenuScene.cpp in Sources */,
				A39FB04416B27593007FECB7 /* MCScenePackage.cpp in Sources */,
				A39FB04516B27593007FECB7 /* MCSplashScene.cpp in Sources */,
				A39FB06616B275E8007FECB7 /* Array.cpp in Sources */,
				A39FB06716B275E8007FECB7 /* Convert.cpp in Sources */,
				A39FB06816B275E8007FECB7 /* Escaper.cpp in Sources */,
				A39FB06916B275E8007FECB7 /* IndentCanceller.cpp in Sources */,
				A39FB06A16B275E8007FECB7 /* Indenter.cpp in Sources */,
				A39FB06B16B275E8007FECB7 /* Object.cpp in Sources */,
				A39FB06C16B275E8007FECB7 /* SolidusEscaper.cpp in Sources */,
				A39FB06D16B275E8007FECB7 /* Value.cpp in Sources */,
				A39FB07016B27600007FECB7 /* MCJSONModifier.cpp in Sources */,
				A38D11CF16B81C8C009E1CB8 /* MCBase64.cpp in Sources */,
				A38D11D316B81CB9009E1CB8 /* MCDialog.cpp in Sources */,
				A38D11D616B81CD6009E1CB8 /* MCSceneManager.cpp in Sources */,
				A38D11DA16B81CF8009E1CB8 /* MCDetailScene.cpp in Sources */,
			);
			runOnlyForDeploymentPostprocessing = 0;
		};
/* End PBXSourcesBuildPhase section */

/* Begin PBXTargetDependency section */
		A33BB87C169E91D200196286 /* PBXTargetDependency */ = {
			isa = PBXTargetDependency;
			name = cocos2dx;
			targetProxy = A33BB87B169E91D200196286 /* PBXContainerItemProxy */;
		};
/* End PBXTargetDependency section */

/* Begin XCBuildConfiguration section */
		1D6058940D05DD3E006BFB54 /* Debug */ = {
			isa = XCBuildConfiguration;
			buildSettings = {
				ALWAYS_SEARCH_USER_PATHS = NO;
				ARCHS = "$(ARCHS_STANDARD_32_BIT)";
				CODE_SIGN_IDENTITY = "iPhone Developer";
				"CODE_SIGN_IDENTITY[sdk=iphoneos*]" = "iPhone Developer";
				COPY_PHASE_STRIP = NO;
				GCC_DYNAMIC_NO_PIC = NO;
				GCC_INLINES_ARE_PRIVATE_EXTERN = NO;
				GCC_OPTIMIZATION_LEVEL = 0;
				GCC_PRECOMPILE_PREFIX_HEADER = YES;
				GCC_PREFIX_HEADER = "Military Confrontation_Prefix.pch";
				GCC_PREPROCESSOR_DEFINITIONS = (
					USE_FILE32API,
					CC_TARGET_OS_IPHONE,
					"COCOS2D_DEBUG=1",
				);
				GCC_PREPROCESSOR_DEFINITIONS_NOT_USED_IN_PRECOMPS = "";
				GCC_SYMBOLS_PRIVATE_EXTERN = NO;
				GCC_VERSION = "";
				HEADER_SEARCH_PATHS = (
					"\"$(SDKROOT)/usr/include/libxml2/\"",
					"\"$(SRCROOT)/../../library/cocos2dx/include\"",
					"\"$(SRCROOT)/../../library/cocos2dx\"",
					"\"$(SRCROOT)/../../library/cocos2dx/platform/ios\"",
					"\"$(SRCROOT)/../../library/cocos2dx/kazmath/include\"",
					"$(SRCROOT)/../../library/external/chipmunk/include/chipmunk",
					"\"$(SRCROOT)/../../library/extensions\"",
					"\"$(SRCROOT)/../../library/cocos2dx/platform/third_party/ios",
				);
				INFOPLIST_FILE = "Military Confrontation-Info.plist";
				IPHONEOS_DEPLOYMENT_TARGET = 4.3;
				LIBRARY_SEARCH_PATHS = (
					"$(inherited)",
					"\"$(SRCROOT)/../../library/cocos2dx/platform/third_party/ios/libraries\"",
				);
				PRODUCT_NAME = "Military Confrontation";
				PROVISIONING_PROFILE = "";
				"PROVISIONING_PROFILE[sdk=iphoneos*]" = "";
				SDKROOT = iphoneos;
				TARGETED_DEVICE_FAMILY = "1,2";
				VALID_ARCHS = "armv6 armv7 i386";
			};
			name = Debug;
		};
		1D6058950D05DD3E006BFB54 /* Release */ = {
			isa = XCBuildConfiguration;
			buildSettings = {
				ALWAYS_SEARCH_USER_PATHS = NO;
				ARCHS = "$(ARCHS_STANDARD_32_BIT)";
				CODE_SIGN_IDENTITY = "iPhone Developer";
				"CODE_SIGN_IDENTITY[sdk=iphoneos*]" = "iPhone Developer";
				COPY_PHASE_STRIP = YES;
				GCC_INLINES_ARE_PRIVATE_EXTERN = NO;
				GCC_PRECOMPILE_PREFIX_HEADER = YES;
				GCC_PREFIX_HEADER = "Military Confrontation_Prefix.pch";
				GCC_PREPROCESSOR_DEFINITIONS = (
					USE_FILE32API,
					CC_TARGET_OS_IPHONE,
				);
				GCC_PREPROCESSOR_DEFINITIONS_NOT_USED_IN_PRECOMPS = "";
				GCC_SYMBOLS_PRIVATE_EXTERN = NO;
				GCC_VERSION = "";
				HEADER_SEARCH_PATHS = (
					"\"$(SDKROOT)/usr/include/libxml2/\"",
					"\"$(SRCROOT)/../../library/cocos2dx/include\"",
					"\"$(SRCROOT)/../../library/cocos2dx\"",
					"\"$(SRCROOT)/../../library/cocos2dx/platform/ios\"",
					"\"$(SRCROOT)/../../library/cocos2dx/kazmath/include\"",
					"$(SRCROOT)/../../library/external/chipmunk/include/chipmunk",
					"\"$(SRCROOT)/../../library/extensions\"",
					"\"$(SRCROOT)/../../library/cocos2dx/platform/third_party/ios",
				);
				INFOPLIST_FILE = "Military Confrontation-Info.plist";
				IPHONEOS_DEPLOYMENT_TARGET = 4.3;
				LIBRARY_SEARCH_PATHS = (
					"$(inherited)",
					"\"$(SRCROOT)/../../library/cocos2dx/platform/third_party/ios/libraries\"",
				);
				PRODUCT_NAME = "Military Confrontation";
				PROVISIONING_PROFILE = "";
				"PROVISIONING_PROFILE[sdk=iphoneos*]" = "";
				SDKROOT = iphoneos;
				TARGETED_DEVICE_FAMILY = "1,2";
				VALIDATE_PRODUCT = YES;
				VALID_ARCHS = "armv6 armv7 i386";
			};
			name = Release;
		};
		C01FCF4F08A954540054247B /* Debug */ = {
			isa = XCBuildConfiguration;
			buildSettings = {
				ARCHS = "$(ARCHS_STANDARD_32_BIT)";
				"CODE_SIGN_IDENTITY[sdk=iphoneos*]" = "iPhone Developer";
				GCC_C_LANGUAGE_STANDARD = c99;
				GCC_VERSION = "";
				GCC_WARN_ABOUT_RETURN_TYPE = YES;
				GCC_WARN_UNUSED_VARIABLE = YES;
				SDKROOT = iphoneos;
				VALID_ARCHS = "armv6 armv7 i386";
			};
			name = Debug;
		};
		C01FCF5008A954540054247B /* Release */ = {
			isa = XCBuildConfiguration;
			buildSettings = {
				ARCHS = "$(ARCHS_STANDARD_32_BIT)";
				"CODE_SIGN_IDENTITY[sdk=iphoneos*]" = "iPhone Developer";
				GCC_C_LANGUAGE_STANDARD = c99;
				GCC_VERSION = "";
				GCC_WARN_ABOUT_RETURN_TYPE = YES;
				GCC_WARN_UNUSED_VARIABLE = YES;
				OTHER_CFLAGS = "-DNS_BLOCK_ASSERTIONS=1";
				SDKROOT = iphoneos;
				VALID_ARCHS = "armv6 armv7 i386";
			};
			name = Release;
		};
/* End XCBuildConfiguration section */

/* Begin XCConfigurationList section */
		1D6058960D05DD3E006BFB54 /* Build configuration list for PBXNativeTarget "Military Confrontation" */ = {
			isa = XCConfigurationList;
			buildConfigurations = (
				1D6058940D05DD3E006BFB54 /* Debug */,
				1D6058950D05DD3E006BFB54 /* Release */,
			);
			defaultConfigurationIsVisible = 0;
			defaultConfigurationName = Release;
		};
		C01FCF4E08A954540054247B /* Build configuration list for PBXProject "Military Confrontation" */ = {
			isa = XCConfigurationList;
			buildConfigurations = (
				C01FCF4F08A954540054247B /* Debug */,
				C01FCF5008A954540054247B /* Release */,
			);
			defaultConfigurationIsVisible = 0;
			defaultConfigurationName = Release;
		};
/* End XCConfigurationList section */
	};
	rootObject = 29B97313FDCFA39411CA2CEA /* Project object */;
}
